// !$*UTF8*$!
{
	archiveVersion = 1;
	classes = {
	};
	objectVersion = 48;
	objects = {

/* Begin PBXBuildFile section */
		02A3631700824E110904A968 /* libPods-ShirokarasNotebookTests.a in Frameworks */ = {isa = PBXBuildFile; fileRef = 40ABAEC3F029BAF396076F28 /* libPods-ShirokarasNotebookTests.a */; };
		11303FEE1FB06B3E0020C93D /* ShareSDK.framework in Frameworks */ = {isa = PBXBuildFile; fileRef = 11303FCC1FB06B3E0020C93D /* ShareSDK.framework */; };
		11303FEF1FB06B3E0020C93D /* ShareSDKExtension.framework in Frameworks */ = {isa = PBXBuildFile; fileRef = 11303FCF1FB06B3E0020C93D /* ShareSDKExtension.framework */; };
		11303FF01FB06B3E0020C93D /* ShareSDKUI.bundle in Resources */ = {isa = PBXBuildFile; fileRef = 11303FD01FB06B3E0020C93D /* ShareSDKUI.bundle */; };
		11303FF11FB06B3E0020C93D /* ShareSDKUI.framework in Frameworks */ = {isa = PBXBuildFile; fileRef = 11303FD11FB06B3E0020C93D /* ShareSDKUI.framework */; };
		11303FF21FB06B3E0020C93D /* TencentOpenAPI.framework in Frameworks */ = {isa = PBXBuildFile; fileRef = 11303FD41FB06B3E0020C93D /* TencentOpenAPI.framework */; };
		11303FF31FB06B3E0020C93D /* TencentOpenApi_IOS_Bundle.bundle in Resources */ = {isa = PBXBuildFile; fileRef = 11303FD51FB06B3E0020C93D /* TencentOpenApi_IOS_Bundle.bundle */; };
		11303FF41FB06B3E0020C93D /* libWeiboSDK.a in Frameworks */ = {isa = PBXBuildFile; fileRef = 11303FD71FB06B3E0020C93D /* libWeiboSDK.a */; };
		11303FF51FB06B3E0020C93D /* WeiboSDK.bundle in Resources */ = {isa = PBXBuildFile; fileRef = 11303FE11FB06B3E0020C93D /* WeiboSDK.bundle */; };
		11303FF61FB06B3E0020C93D /* libWeChatSDK.a in Frameworks */ = {isa = PBXBuildFile; fileRef = 11303FE51FB06B3E0020C93D /* libWeChatSDK.a */; };
		11303FF71FB06B3E0020C93D /* read_me.txt in Resources */ = {isa = PBXBuildFile; fileRef = 11303FE61FB06B3E0020C93D /* read_me.txt */; };
		11303FF81FB06B3E0020C93D /* MOBFoundation.framework in Frameworks */ = {isa = PBXBuildFile; fileRef = 11303FEB1FB06B3E0020C93D /* MOBFoundation.framework */; };
		11303FF91FB06B3E0020C93D /* ShareSDK.bundle in Resources */ = {isa = PBXBuildFile; fileRef = 11303FEC1FB06B3E0020C93D /* ShareSDK.bundle */; };
		11303FFA1FB06B3E0020C93D /* ShareSDKConnector.framework in Frameworks */ = {isa = PBXBuildFile; fileRef = 11303FED1FB06B3E0020C93D /* ShareSDKConnector.framework */; };
		11303FFC1FB06C450020C93D /* libicucore.tbd in Frameworks */ = {isa = PBXBuildFile; fileRef = 11303FFB1FB06C450020C93D /* libicucore.tbd */; };
		11303FFE1FB06C500020C93D /* libz.tbd in Frameworks */ = {isa = PBXBuildFile; fileRef = 11303FFD1FB06C500020C93D /* libz.tbd */; };
		113040001FB06C5A0020C93D /* libstdc++.tbd in Frameworks */ = {isa = PBXBuildFile; fileRef = 11303FFF1FB06C5A0020C93D /* libstdc++.tbd */; };
		113040021FB06C620020C93D /* JavaScriptCore.framework in Frameworks */ = {isa = PBXBuildFile; fileRef = 113040011FB06C610020C93D /* JavaScriptCore.framework */; };
		113040041FB06C730020C93D /* libsqlite3.tbd in Frameworks */ = {isa = PBXBuildFile; fileRef = 113040031FB06C730020C93D /* libsqlite3.tbd */; };
		113040061FB06C7B0020C93D /* ImageIO.framework in Frameworks */ = {isa = PBXBuildFile; fileRef = 113040051FB06C7B0020C93D /* ImageIO.framework */; };
		1130401E1FB06F900020C93D /* Info.plist in Resources */ = {isa = PBXBuildFile; fileRef = 113040081FB06F900020C93D /* Info.plist */; };
		1130401F1FB06F900020C93D /* MJExtensionConst.m in Sources */ = {isa = PBXBuildFile; fileRef = 1130400B1FB06F900020C93D /* MJExtensionConst.m */; };
		113040201FB06F900020C93D /* MJFoundation.m in Sources */ = {isa = PBXBuildFile; fileRef = 1130400D1FB06F900020C93D /* MJFoundation.m */; };
		113040211FB06F900020C93D /* MJProperty.m in Sources */ = {isa = PBXBuildFile; fileRef = 1130400F1FB06F900020C93D /* MJProperty.m */; };
		113040221FB06F900020C93D /* MJPropertyKey.m in Sources */ = {isa = PBXBuildFile; fileRef = 113040111FB06F900020C93D /* MJPropertyKey.m */; };
		113040231FB06F900020C93D /* MJPropertyType.m in Sources */ = {isa = PBXBuildFile; fileRef = 113040131FB06F900020C93D /* MJPropertyType.m */; };
		113040241FB06F900020C93D /* NSObject+MJClass.m in Sources */ = {isa = PBXBuildFile; fileRef = 113040151FB06F900020C93D /* NSObject+MJClass.m */; };
		113040251FB06F900020C93D /* NSObject+MJCoding.m in Sources */ = {isa = PBXBuildFile; fileRef = 113040171FB06F900020C93D /* NSObject+MJCoding.m */; };
		113040261FB06F900020C93D /* NSObject+MJKeyValue.m in Sources */ = {isa = PBXBuildFile; fileRef = 113040191FB06F900020C93D /* NSObject+MJKeyValue.m */; };
		113040271FB06F900020C93D /* NSObject+MJProperty.m in Sources */ = {isa = PBXBuildFile; fileRef = 1130401B1FB06F900020C93D /* NSObject+MJProperty.m */; };
		113040281FB06F900020C93D /* NSString+MJExtension.m in Sources */ = {isa = PBXBuildFile; fileRef = 1130401D1FB06F900020C93D /* NSString+MJExtension.m */; };
		113040301FB0765F0020C93D /* environment in Resources */ = {isa = PBXBuildFile; fileRef = 1130402F1FB0765E0020C93D /* environment */; };
		11D9AA201FB06142008D32E9 /* AppDelegate.m in Sources */ = {isa = PBXBuildFile; fileRef = 11D9AA1F1FB06142008D32E9 /* AppDelegate.m */; };
		11D9AA231FB06142008D32E9 /* ViewController.m in Sources */ = {isa = PBXBuildFile; fileRef = 11D9AA221FB06142008D32E9 /* ViewController.m */; };
		11D9AA261FB06142008D32E9 /* Main.storyboard in Resources */ = {isa = PBXBuildFile; fileRef = 11D9AA241FB06142008D32E9 /* Main.storyboard */; };
		11D9AA291FB06142008D32E9 /* ShirokarasNotebook.xcdatamodeld in Sources */ = {isa = PBXBuildFile; fileRef = 11D9AA271FB06142008D32E9 /* ShirokarasNotebook.xcdatamodeld */; };
		11D9AA2B1FB06142008D32E9 /* Assets.xcassets in Resources */ = {isa = PBXBuildFile; fileRef = 11D9AA2A1FB06142008D32E9 /* Assets.xcassets */; };
		11D9AA2E1FB06142008D32E9 /* LaunchScreen.storyboard in Resources */ = {isa = PBXBuildFile; fileRef = 11D9AA2C1FB06142008D32E9 /* LaunchScreen.storyboard */; };
		11D9AA311FB06142008D32E9 /* main.m in Sources */ = {isa = PBXBuildFile; fileRef = 11D9AA301FB06142008D32E9 /* main.m */; };
		11D9AA3B1FB06143008D32E9 /* ShirokarasNotebookTests.m in Sources */ = {isa = PBXBuildFile; fileRef = 11D9AA3A1FB06143008D32E9 /* ShirokarasNotebookTests.m */; };
		11D9AA461FB06143008D32E9 /* ShirokarasNotebookUITests.m in Sources */ = {isa = PBXBuildFile; fileRef = 11D9AA451FB06143008D32E9 /* ShirokarasNotebookUITests.m */; };
		D340443EE5B0C54A8A38F4FD /* libPods-ShirokarasNotebookUITests.a in Frameworks */ = {isa = PBXBuildFile; fileRef = FB0878A33164D7DFE8BE3BC8 /* libPods-ShirokarasNotebookUITests.a */; };
		DD8921FB7AB33A4F8A2857E6 /* libPods-ShirokarasNotebook.a in Frameworks */ = {isa = PBXBuildFile; fileRef = 86500B7B570A24B74CF17CC6 /* libPods-ShirokarasNotebook.a */; };
/* End PBXBuildFile section */

/* Begin PBXContainerItemProxy section */
		11D9AA371FB06143008D32E9 /* PBXContainerItemProxy */ = {
			isa = PBXContainerItemProxy;
			containerPortal = 11D9AA131FB06141008D32E9 /* Project object */;
			proxyType = 1;
			remoteGlobalIDString = 11D9AA1A1FB06141008D32E9;
			remoteInfo = ShirokarasNotebook;
		};
		11D9AA421FB06143008D32E9 /* PBXContainerItemProxy */ = {
			isa = PBXContainerItemProxy;
			containerPortal = 11D9AA131FB06141008D32E9 /* Project object */;
			proxyType = 1;
			remoteGlobalIDString = 11D9AA1A1FB06141008D32E9;
			remoteInfo = ShirokarasNotebook;
		};
/* End PBXContainerItemProxy section */

/* Begin PBXFileReference section */
		11303FCC1FB06B3E0020C93D /* ShareSDK.framework */ = {isa = PBXFileReference; lastKnownFileType = wrapper.framework; path = ShareSDK.framework; sourceTree = "<group>"; };
		11303FCF1FB06B3E0020C93D /* ShareSDKExtension.framework */ = {isa = PBXFileReference; lastKnownFileType = wrapper.framework; path = ShareSDKExtension.framework; sourceTree = "<group>"; };
		11303FD01FB06B3E0020C93D /* ShareSDKUI.bundle */ = {isa = PBXFileReference; lastKnownFileType = "wrapper.plug-in"; path = ShareSDKUI.bundle; sourceTree = "<group>"; };
		11303FD11FB06B3E0020C93D /* ShareSDKUI.framework */ = {isa = PBXFileReference; lastKnownFileType = wrapper.framework; path = ShareSDKUI.framework; sourceTree = "<group>"; };
		11303FD41FB06B3E0020C93D /* TencentOpenAPI.framework */ = {isa = PBXFileReference; lastKnownFileType = wrapper.framework; path = TencentOpenAPI.framework; sourceTree = "<group>"; };
		11303FD51FB06B3E0020C93D /* TencentOpenApi_IOS_Bundle.bundle */ = {isa = PBXFileReference; lastKnownFileType = "wrapper.plug-in"; path = TencentOpenApi_IOS_Bundle.bundle; sourceTree = "<group>"; };
		11303FD71FB06B3E0020C93D /* libWeiboSDK.a */ = {isa = PBXFileReference; lastKnownFileType = archive.ar; path = libWeiboSDK.a; sourceTree = "<group>"; };
		11303FD81FB06B3E0020C93D /* WBHttpRequest+WeiboGame.h */ = {isa = PBXFileReference; fileEncoding = 4; lastKnownFileType = sourcecode.c.h; path = "WBHttpRequest+WeiboGame.h"; sourceTree = "<group>"; };
		11303FD91FB06B3E0020C93D /* WBHttpRequest+WeiboShare.h */ = {isa = PBXFileReference; fileEncoding = 4; lastKnownFileType = sourcecode.c.h; path = "WBHttpRequest+WeiboShare.h"; sourceTree = "<group>"; };
		11303FDA1FB06B3E0020C93D /* WBHttpRequest+WeiboToken.h */ = {isa = PBXFileReference; fileEncoding = 4; lastKnownFileType = sourcecode.c.h; path = "WBHttpRequest+WeiboToken.h"; sourceTree = "<group>"; };
		11303FDB1FB06B3E0020C93D /* WBHttpRequest+WeiboUser.h */ = {isa = PBXFileReference; fileEncoding = 4; lastKnownFileType = sourcecode.c.h; path = "WBHttpRequest+WeiboUser.h"; sourceTree = "<group>"; };
		11303FDC1FB06B3E0020C93D /* WBHttpRequest.h */ = {isa = PBXFileReference; fileEncoding = 4; lastKnownFileType = sourcecode.c.h; path = WBHttpRequest.h; sourceTree = "<group>"; };
		11303FDD1FB06B3E0020C93D /* WBSDKBasicButton.h */ = {isa = PBXFileReference; fileEncoding = 4; lastKnownFileType = sourcecode.c.h; path = WBSDKBasicButton.h; sourceTree = "<group>"; };
		11303FDE1FB06B3E0020C93D /* WBSDKCommentButton.h */ = {isa = PBXFileReference; fileEncoding = 4; lastKnownFileType = sourcecode.c.h; path = WBSDKCommentButton.h; sourceTree = "<group>"; };
		11303FDF1FB06B3E0020C93D /* WBSDKRelationshipButton.h */ = {isa = PBXFileReference; fileEncoding = 4; lastKnownFileType = sourcecode.c.h; path = WBSDKRelationshipButton.h; sourceTree = "<group>"; };
		11303FE01FB06B3E0020C93D /* WeiboSDK+Statistics.h */ = {isa = PBXFileReference; fileEncoding = 4; lastKnownFileType = sourcecode.c.h; path = "WeiboSDK+Statistics.h"; sourceTree = "<group>"; };
		11303FE11FB06B3E0020C93D /* WeiboSDK.bundle */ = {isa = PBXFileReference; lastKnownFileType = "wrapper.plug-in"; path = WeiboSDK.bundle; sourceTree = "<group>"; };
		11303FE21FB06B3E0020C93D /* WeiboSDK.h */ = {isa = PBXFileReference; fileEncoding = 4; lastKnownFileType = sourcecode.c.h; path = WeiboSDK.h; sourceTree = "<group>"; };
		11303FE31FB06B3E0020C93D /* WeiboUser.h */ = {isa = PBXFileReference; fileEncoding = 4; lastKnownFileType = sourcecode.c.h; path = WeiboUser.h; sourceTree = "<group>"; };
		11303FE51FB06B3E0020C93D /* libWeChatSDK.a */ = {isa = PBXFileReference; lastKnownFileType = archive.ar; path = libWeChatSDK.a; sourceTree = "<group>"; };
		11303FE61FB06B3E0020C93D /* read_me.txt */ = {isa = PBXFileReference; fileEncoding = 4; lastKnownFileType = text; path = read_me.txt; sourceTree = "<group>"; };
		11303FE71FB06B3E0020C93D /* WechatAuthSDK.h */ = {isa = PBXFileReference; fileEncoding = 4; lastKnownFileType = sourcecode.c.h; path = WechatAuthSDK.h; sourceTree = "<group>"; };
		11303FE81FB06B3E0020C93D /* WXApi.h */ = {isa = PBXFileReference; fileEncoding = 4; lastKnownFileType = sourcecode.c.h; path = WXApi.h; sourceTree = "<group>"; };
		11303FE91FB06B3E0020C93D /* WXApiObject.h */ = {isa = PBXFileReference; fileEncoding = 4; lastKnownFileType = sourcecode.c.h; path = WXApiObject.h; sourceTree = "<group>"; };
		11303FEB1FB06B3E0020C93D /* MOBFoundation.framework */ = {isa = PBXFileReference; lastKnownFileType = wrapper.framework; path = MOBFoundation.framework; sourceTree = "<group>"; };
		11303FEC1FB06B3E0020C93D /* ShareSDK.bundle */ = {isa = PBXFileReference; lastKnownFileType = "wrapper.plug-in"; path = ShareSDK.bundle; sourceTree = "<group>"; };
		11303FED1FB06B3E0020C93D /* ShareSDKConnector.framework */ = {isa = PBXFileReference; lastKnownFileType = wrapper.framework; path = ShareSDKConnector.framework; sourceTree = "<group>"; };
		11303FFB1FB06C450020C93D /* libicucore.tbd */ = {isa = PBXFileReference; lastKnownFileType = "sourcecode.text-based-dylib-definition"; name = libicucore.tbd; path = usr/lib/libicucore.tbd; sourceTree = SDKROOT; };
		11303FFD1FB06C500020C93D /* libz.tbd */ = {isa = PBXFileReference; lastKnownFileType = "sourcecode.text-based-dylib-definition"; name = libz.tbd; path = usr/lib/libz.tbd; sourceTree = SDKROOT; };
		11303FFF1FB06C5A0020C93D /* libstdc++.tbd */ = {isa = PBXFileReference; lastKnownFileType = "sourcecode.text-based-dylib-definition"; name = "libstdc++.tbd"; path = "usr/lib/libstdc++.tbd"; sourceTree = SDKROOT; };
		113040011FB06C610020C93D /* JavaScriptCore.framework */ = {isa = PBXFileReference; lastKnownFileType = wrapper.framework; name = JavaScriptCore.framework; path = System/Library/Frameworks/JavaScriptCore.framework; sourceTree = SDKROOT; };
		113040031FB06C730020C93D /* libsqlite3.tbd */ = {isa = PBXFileReference; lastKnownFileType = "sourcecode.text-based-dylib-definition"; name = libsqlite3.tbd; path = usr/lib/libsqlite3.tbd; sourceTree = SDKROOT; };
		113040051FB06C7B0020C93D /* ImageIO.framework */ = {isa = PBXFileReference; lastKnownFileType = wrapper.framework; name = ImageIO.framework; path = System/Library/Frameworks/ImageIO.framework; sourceTree = SDKROOT; };
		113040081FB06F900020C93D /* Info.plist */ = {isa = PBXFileReference; fileEncoding = 4; lastKnownFileType = text.plist.xml; path = Info.plist; sourceTree = "<group>"; };
		113040091FB06F900020C93D /* MJExtension.h */ = {isa = PBXFileReference; fileEncoding = 4; lastKnownFileType = sourcecode.c.h; path = MJExtension.h; sourceTree = "<group>"; };
		1130400A1FB06F900020C93D /* MJExtensionConst.h */ = {isa = PBXFileReference; fileEncoding = 4; lastKnownFileType = sourcecode.c.h; path = MJExtensionConst.h; sourceTree = "<group>"; };
		1130400B1FB06F900020C93D /* MJExtensionConst.m */ = {isa = PBXFileReference; fileEncoding = 4; lastKnownFileType = sourcecode.c.objc; path = MJExtensionConst.m; sourceTree = "<group>"; };
		1130400C1FB06F900020C93D /* MJFoundation.h */ = {isa = PBXFileReference; fileEncoding = 4; lastKnownFileType = sourcecode.c.h; path = MJFoundation.h; sourceTree = "<group>"; };
		1130400D1FB06F900020C93D /* MJFoundation.m */ = {isa = PBXFileReference; fileEncoding = 4; lastKnownFileType = sourcecode.c.objc; path = MJFoundation.m; sourceTree = "<group>"; };
		1130400E1FB06F900020C93D /* MJProperty.h */ = {isa = PBXFileReference; fileEncoding = 4; lastKnownFileType = sourcecode.c.h; path = MJProperty.h; sourceTree = "<group>"; };
		1130400F1FB06F900020C93D /* MJProperty.m */ = {isa = PBXFileReference; fileEncoding = 4; lastKnownFileType = sourcecode.c.objc; path = MJProperty.m; sourceTree = "<group>"; };
		113040101FB06F900020C93D /* MJPropertyKey.h */ = {isa = PBXFileReference; fileEncoding = 4; lastKnownFileType = sourcecode.c.h; path = MJPropertyKey.h; sourceTree = "<group>"; };
		113040111FB06F900020C93D /* MJPropertyKey.m */ = {isa = PBXFileReference; fileEncoding = 4; lastKnownFileType = sourcecode.c.objc; path = MJPropertyKey.m; sourceTree = "<group>"; };
		113040121FB06F900020C93D /* MJPropertyType.h */ = {isa = PBXFileReference; fileEncoding = 4; lastKnownFileType = sourcecode.c.h; path = MJPropertyType.h; sourceTree = "<group>"; };
		113040131FB06F900020C93D /* MJPropertyType.m */ = {isa = PBXFileReference; fileEncoding = 4; lastKnownFileType = sourcecode.c.objc; path = MJPropertyType.m; sourceTree = "<group>"; };
		113040141FB06F900020C93D /* NSObject+MJClass.h */ = {isa = PBXFileReference; fileEncoding = 4; lastKnownFileType = sourcecode.c.h; path = "NSObject+MJClass.h"; sourceTree = "<group>"; };
		113040151FB06F900020C93D /* NSObject+MJClass.m */ = {isa = PBXFileReference; fileEncoding = 4; lastKnownFileType = sourcecode.c.objc; path = "NSObject+MJClass.m"; sourceTree = "<group>"; };
		113040161FB06F900020C93D /* NSObject+MJCoding.h */ = {isa = PBXFileReference; fileEncoding = 4; lastKnownFileType = sourcecode.c.h; path = "NSObject+MJCoding.h"; sourceTree = "<group>"; };
		113040171FB06F900020C93D /* NSObject+MJCoding.m */ = {isa = PBXFileReference; fileEncoding = 4; lastKnownFileType = sourcecode.c.objc; path = "NSObject+MJCoding.m"; sourceTree = "<group>"; };
		113040181FB06F900020C93D /* NSObject+MJKeyValue.h */ = {isa = PBXFileReference; fileEncoding = 4; lastKnownFileType = sourcecode.c.h; path = "NSObject+MJKeyValue.h"; sourceTree = "<group>"; };
		113040191FB06F900020C93D /* NSObject+MJKeyValue.m */ = {isa = PBXFileReference; fileEncoding = 4; lastKnownFileType = sourcecode.c.objc; path = "NSObject+MJKeyValue.m"; sourceTree = "<group>"; };
		1130401A1FB06F900020C93D /* NSObject+MJProperty.h */ = {isa = PBXFileReference; fileEncoding = 4; lastKnownFileType = sourcecode.c.h; path = "NSObject+MJProperty.h"; sourceTree = "<group>"; };
		1130401B1FB06F900020C93D /* NSObject+MJProperty.m */ = {isa = PBXFileReference; fileEncoding = 4; lastKnownFileType = sourcecode.c.objc; path = "NSObject+MJProperty.m"; sourceTree = "<group>"; };
		1130401C1FB06F900020C93D /* NSString+MJExtension.h */ = {isa = PBXFileReference; fileEncoding = 4; lastKnownFileType = sourcecode.c.h; path = "NSString+MJExtension.h"; sourceTree = "<group>"; };
		1130401D1FB06F900020C93D /* NSString+MJExtension.m */ = {isa = PBXFileReference; fileEncoding = 4; lastKnownFileType = sourcecode.c.objc; path = "NSString+MJExtension.m"; sourceTree = "<group>"; };
		1130402A1FB070850020C93D /* ShirokarasNotebook-prefix.pch */ = {isa = PBXFileReference; lastKnownFileType = sourcecode.c.h; path = "ShirokarasNotebook-prefix.pch"; sourceTree = "<group>"; };
		1130402F1FB0765E0020C93D /* environment */ = {isa = PBXFileReference; lastKnownFileType = folder; path = environment; sourceTree = "<group>"; };
		118AA93E31B83F334F7C5654 /* Pods-ShirokarasNotebook.debug.xcconfig */ = {isa = PBXFileReference; includeInIndex = 1; lastKnownFileType = text.xcconfig; name = "Pods-ShirokarasNotebook.debug.xcconfig"; path = "Pods/Target Support Files/Pods-ShirokarasNotebook/Pods-ShirokarasNotebook.debug.xcconfig"; sourceTree = "<group>"; };
		11D9AA1B1FB06141008D32E9 /* ShirokarasNotebook.app */ = {isa = PBXFileReference; explicitFileType = wrapper.application; includeInIndex = 0; path = ShirokarasNotebook.app; sourceTree = BUILT_PRODUCTS_DIR; };
		11D9AA1E1FB06142008D32E9 /* AppDelegate.h */ = {isa = PBXFileReference; lastKnownFileType = sourcecode.c.h; path = AppDelegate.h; sourceTree = "<group>"; };
		11D9AA1F1FB06142008D32E9 /* AppDelegate.m */ = {isa = PBXFileReference; lastKnownFileType = sourcecode.c.objc; path = AppDelegate.m; sourceTree = "<group>"; };
		11D9AA211FB06142008D32E9 /* ViewController.h */ = {isa = PBXFileReference; lastKnownFileType = sourcecode.c.h; path = ViewController.h; sourceTree = "<group>"; };
		11D9AA221FB06142008D32E9 /* ViewController.m */ = {isa = PBXFileReference; lastKnownFileType = sourcecode.c.objc; path = ViewController.m; sourceTree = "<group>"; };
		11D9AA251FB06142008D32E9 /* Base */ = {isa = PBXFileReference; lastKnownFileType = file.storyboard; name = Base; path = Base.lproj/Main.storyboard; sourceTree = "<group>"; };
		11D9AA281FB06142008D32E9 /* ShirokarasNotebook.xcdatamodel */ = {isa = PBXFileReference; lastKnownFileType = wrapper.xcdatamodel; path = ShirokarasNotebook.xcdatamodel; sourceTree = "<group>"; };
		11D9AA2A1FB06142008D32E9 /* Assets.xcassets */ = {isa = PBXFileReference; lastKnownFileType = folder.assetcatalog; path = Assets.xcassets; sourceTree = "<group>"; };
		11D9AA2D1FB06142008D32E9 /* Base */ = {isa = PBXFileReference; lastKnownFileType = file.storyboard; name = Base; path = Base.lproj/LaunchScreen.storyboard; sourceTree = "<group>"; };
		11D9AA2F1FB06142008D32E9 /* Info.plist */ = {isa = PBXFileReference; lastKnownFileType = text.plist.xml; path = Info.plist; sourceTree = "<group>"; };
		11D9AA301FB06142008D32E9 /* main.m */ = {isa = PBXFileReference; lastKnownFileType = sourcecode.c.objc; path = main.m; sourceTree = "<group>"; };
		11D9AA361FB06143008D32E9 /* ShirokarasNotebookTests.xctest */ = {isa = PBXFileReference; explicitFileType = wrapper.cfbundle; includeInIndex = 0; path = ShirokarasNotebookTests.xctest; sourceTree = BUILT_PRODUCTS_DIR; };
		11D9AA3A1FB06143008D32E9 /* ShirokarasNotebookTests.m */ = {isa = PBXFileReference; lastKnownFileType = sourcecode.c.objc; path = ShirokarasNotebookTests.m; sourceTree = "<group>"; };
		11D9AA3C1FB06143008D32E9 /* Info.plist */ = {isa = PBXFileReference; lastKnownFileType = text.plist.xml; path = Info.plist; sourceTree = "<group>"; };
		11D9AA411FB06143008D32E9 /* ShirokarasNotebookUITests.xctest */ = {isa = PBXFileReference; explicitFileType = wrapper.cfbundle; includeInIndex = 0; path = ShirokarasNotebookUITests.xctest; sourceTree = BUILT_PRODUCTS_DIR; };
		11D9AA451FB06143008D32E9 /* ShirokarasNotebookUITests.m */ = {isa = PBXFileReference; lastKnownFileType = sourcecode.c.objc; path = ShirokarasNotebookUITests.m; sourceTree = "<group>"; };
		11D9AA471FB06143008D32E9 /* Info.plist */ = {isa = PBXFileReference; lastKnownFileType = text.plist.xml; path = Info.plist; sourceTree = "<group>"; };
		401A52AB8343B21779DEC99D /* Pods-ShirokarasNotebookTests.debug.xcconfig */ = {isa = PBXFileReference; includeInIndex = 1; lastKnownFileType = text.xcconfig; name = "Pods-ShirokarasNotebookTests.debug.xcconfig"; path = "Pods/Target Support Files/Pods-ShirokarasNotebookTests/Pods-ShirokarasNotebookTests.debug.xcconfig"; sourceTree = "<group>"; };
		40ABAEC3F029BAF396076F28 /* libPods-ShirokarasNotebookTests.a */ = {isa = PBXFileReference; explicitFileType = archive.ar; includeInIndex = 0; path = "libPods-ShirokarasNotebookTests.a"; sourceTree = BUILT_PRODUCTS_DIR; };
		6AD69E51AC31CC15E29CD0AC /* Pods-ShirokarasNotebookTests.release.xcconfig */ = {isa = PBXFileReference; includeInIndex = 1; lastKnownFileType = text.xcconfig; name = "Pods-ShirokarasNotebookTests.release.xcconfig"; path = "Pods/Target Support Files/Pods-ShirokarasNotebookTests/Pods-ShirokarasNotebookTests.release.xcconfig"; sourceTree = "<group>"; };
		86500B7B570A24B74CF17CC6 /* libPods-ShirokarasNotebook.a */ = {isa = PBXFileReference; explicitFileType = archive.ar; includeInIndex = 0; path = "libPods-ShirokarasNotebook.a"; sourceTree = BUILT_PRODUCTS_DIR; };
		8CD6D414B54DE7A4C3ACB3F3 /* Pods-ShirokarasNotebook.release.xcconfig */ = {isa = PBXFileReference; includeInIndex = 1; lastKnownFileType = text.xcconfig; name = "Pods-ShirokarasNotebook.release.xcconfig"; path = "Pods/Target Support Files/Pods-ShirokarasNotebook/Pods-ShirokarasNotebook.release.xcconfig"; sourceTree = "<group>"; };
		96DA3AA320E6C3E87B13B00C /* Pods-ShirokarasNotebookUITests.release.xcconfig */ = {isa = PBXFileReference; includeInIndex = 1; lastKnownFileType = text.xcconfig; name = "Pods-ShirokarasNotebookUITests.release.xcconfig"; path = "Pods/Target Support Files/Pods-ShirokarasNotebookUITests/Pods-ShirokarasNotebookUITests.release.xcconfig"; sourceTree = "<group>"; };
		C442071CB0AA3663A5EF7E62 /* Pods-ShirokarasNotebookUITests.debug.xcconfig */ = {isa = PBXFileReference; includeInIndex = 1; lastKnownFileType = text.xcconfig; name = "Pods-ShirokarasNotebookUITests.debug.xcconfig"; path = "Pods/Target Support Files/Pods-ShirokarasNotebookUITests/Pods-ShirokarasNotebookUITests.debug.xcconfig"; sourceTree = "<group>"; };
		FB0878A33164D7DFE8BE3BC8 /* libPods-ShirokarasNotebookUITests.a */ = {isa = PBXFileReference; explicitFileType = archive.ar; includeInIndex = 0; path = "libPods-ShirokarasNotebookUITests.a"; sourceTree = BUILT_PRODUCTS_DIR; };
/* End PBXFileReference section */

/* Begin PBXFrameworksBuildPhase section */
		11D9AA181FB06141008D32E9 /* Frameworks */ = {
			isa = PBXFrameworksBuildPhase;
			buildActionMask = 2147483647;
			files = (
				113040061FB06C7B0020C93D /* ImageIO.framework in Frameworks */,
				113040041FB06C730020C93D /* libsqlite3.tbd in Frameworks */,
				113040021FB06C620020C93D /* JavaScriptCore.framework in Frameworks */,
				113040001FB06C5A0020C93D /* libstdc++.tbd in Frameworks */,
				11303FFE1FB06C500020C93D /* libz.tbd in Frameworks */,
				11303FFC1FB06C450020C93D /* libicucore.tbd in Frameworks */,
				11303FF81FB06B3E0020C93D /* MOBFoundation.framework in Frameworks */,
				11303FF61FB06B3E0020C93D /* libWeChatSDK.a in Frameworks */,
				11303FF21FB06B3E0020C93D /* TencentOpenAPI.framework in Frameworks */,
				11303FF41FB06B3E0020C93D /* libWeiboSDK.a in Frameworks */,
				DD8921FB7AB33A4F8A2857E6 /* libPods-ShirokarasNotebook.a in Frameworks */,
				11303FEE1FB06B3E0020C93D /* ShareSDK.framework in Frameworks */,
				11303FEF1FB06B3E0020C93D /* ShareSDKExtension.framework in Frameworks */,
				11303FFA1FB06B3E0020C93D /* ShareSDKConnector.framework in Frameworks */,
				11303FF11FB06B3E0020C93D /* ShareSDKUI.framework in Frameworks */,
			);
			runOnlyForDeploymentPostprocessing = 0;
		};
		11D9AA331FB06143008D32E9 /* Frameworks */ = {
			isa = PBXFrameworksBuildPhase;
			buildActionMask = 2147483647;
			files = (
				02A3631700824E110904A968 /* libPods-ShirokarasNotebookTests.a in Frameworks */,
			);
			runOnlyForDeploymentPostprocessing = 0;
		};
		11D9AA3E1FB06143008D32E9 /* Frameworks */ = {
			isa = PBXFrameworksBuildPhase;
			buildActionMask = 2147483647;
			files = (
				D340443EE5B0C54A8A38F4FD /* libPods-ShirokarasNotebookUITests.a in Frameworks */,
			);
			runOnlyForDeploymentPostprocessing = 0;
		};
/* End PBXFrameworksBuildPhase section */

/* Begin PBXGroup section */
		11303FC81FB06ADA0020C93D /* ThirdPart */ = {
			isa = PBXGroup;
			children = (
				113040071FB06F900020C93D /* MJExtension */,
				11303FCB1FB06B3E0020C93D /* ShareSDK */,
			);
			path = ThirdPart;
			sourceTree = "<group>";
		};
		11303FCB1FB06B3E0020C93D /* ShareSDK */ = {
			isa = PBXGroup;
			children = (
				11303FCC1FB06B3E0020C93D /* ShareSDK.framework */,
				11303FCD1FB06B3E0020C93D /* Support */,
			);
			path = ShareSDK;
			sourceTree = "<group>";
		};
		11303FCD1FB06B3E0020C93D /* Support */ = {
			isa = PBXGroup;
			children = (
				11303FCE1FB06B3E0020C93D /* Optional */,
				11303FD21FB06B3E0020C93D /* PlatformSDK */,
				11303FEA1FB06B3E0020C93D /* Required */,
			);
			path = Support;
			sourceTree = "<group>";
		};
		11303FCE1FB06B3E0020C93D /* Optional */ = {
			isa = PBXGroup;
			children = (
				11303FCF1FB06B3E0020C93D /* ShareSDKExtension.framework */,
				11303FD01FB06B3E0020C93D /* ShareSDKUI.bundle */,
				11303FD11FB06B3E0020C93D /* ShareSDKUI.framework */,
			);
			path = Optional;
			sourceTree = "<group>";
		};
		11303FD21FB06B3E0020C93D /* PlatformSDK */ = {
			isa = PBXGroup;
			children = (
				11303FD31FB06B3E0020C93D /* QQSDK */,
				11303FD61FB06B3E0020C93D /* SinaWeiboSDK */,
				11303FE41FB06B3E0020C93D /* WeChatSDK */,
			);
			path = PlatformSDK;
			sourceTree = "<group>";
		};
		11303FD31FB06B3E0020C93D /* QQSDK */ = {
			isa = PBXGroup;
			children = (
				11303FD41FB06B3E0020C93D /* TencentOpenAPI.framework */,
				11303FD51FB06B3E0020C93D /* TencentOpenApi_IOS_Bundle.bundle */,
			);
			path = QQSDK;
			sourceTree = "<group>";
		};
		11303FD61FB06B3E0020C93D /* SinaWeiboSDK */ = {
			isa = PBXGroup;
			children = (
				11303FD71FB06B3E0020C93D /* libWeiboSDK.a */,
				11303FD81FB06B3E0020C93D /* WBHttpRequest+WeiboGame.h */,
				11303FD91FB06B3E0020C93D /* WBHttpRequest+WeiboShare.h */,
				11303FDA1FB06B3E0020C93D /* WBHttpRequest+WeiboToken.h */,
				11303FDB1FB06B3E0020C93D /* WBHttpRequest+WeiboUser.h */,
				11303FDC1FB06B3E0020C93D /* WBHttpRequest.h */,
				11303FDD1FB06B3E0020C93D /* WBSDKBasicButton.h */,
				11303FDE1FB06B3E0020C93D /* WBSDKCommentButton.h */,
				11303FDF1FB06B3E0020C93D /* WBSDKRelationshipButton.h */,
				11303FE01FB06B3E0020C93D /* WeiboSDK+Statistics.h */,
				11303FE11FB06B3E0020C93D /* WeiboSDK.bundle */,
				11303FE21FB06B3E0020C93D /* WeiboSDK.h */,
				11303FE31FB06B3E0020C93D /* WeiboUser.h */,
			);
			path = SinaWeiboSDK;
			sourceTree = "<group>";
		};
		11303FE41FB06B3E0020C93D /* WeChatSDK */ = {
			isa = PBXGroup;
			children = (
				11303FE51FB06B3E0020C93D /* libWeChatSDK.a */,
				11303FE61FB06B3E0020C93D /* read_me.txt */,
				11303FE71FB06B3E0020C93D /* WechatAuthSDK.h */,
				11303FE81FB06B3E0020C93D /* WXApi.h */,
				11303FE91FB06B3E0020C93D /* WXApiObject.h */,
			);
			path = WeChatSDK;
			sourceTree = "<group>";
		};
		11303FEA1FB06B3E0020C93D /* Required */ = {
			isa = PBXGroup;
			children = (
				11303FEB1FB06B3E0020C93D /* MOBFoundation.framework */,
				11303FEC1FB06B3E0020C93D /* ShareSDK.bundle */,
				11303FED1FB06B3E0020C93D /* ShareSDKConnector.framework */,
			);
			path = Required;
			sourceTree = "<group>";
		};
		113040071FB06F900020C93D /* MJExtension */ = {
			isa = PBXGroup;
			children = (
				113040081FB06F900020C93D /* Info.plist */,
				113040091FB06F900020C93D /* MJExtension.h */,
				1130400A1FB06F900020C93D /* MJExtensionConst.h */,
				1130400B1FB06F900020C93D /* MJExtensionConst.m */,
				1130400C1FB06F900020C93D /* MJFoundation.h */,
				1130400D1FB06F900020C93D /* MJFoundation.m */,
				1130400E1FB06F900020C93D /* MJProperty.h */,
				1130400F1FB06F900020C93D /* MJProperty.m */,
				113040101FB06F900020C93D /* MJPropertyKey.h */,
				113040111FB06F900020C93D /* MJPropertyKey.m */,
				113040121FB06F900020C93D /* MJPropertyType.h */,
				113040131FB06F900020C93D /* MJPropertyType.m */,
				113040141FB06F900020C93D /* NSObject+MJClass.h */,
				113040151FB06F900020C93D /* NSObject+MJClass.m */,
				113040161FB06F900020C93D /* NSObject+MJCoding.h */,
				113040171FB06F900020C93D /* NSObject+MJCoding.m */,
				113040181FB06F900020C93D /* NSObject+MJKeyValue.h */,
				113040191FB06F900020C93D /* NSObject+MJKeyValue.m */,
				1130401A1FB06F900020C93D /* NSObject+MJProperty.h */,
				1130401B1FB06F900020C93D /* NSObject+MJProperty.m */,
				1130401C1FB06F900020C93D /* NSString+MJExtension.h */,
				1130401D1FB06F900020C93D /* NSString+MJExtension.m */,
			);
			path = MJExtension;
			sourceTree = "<group>";
		};
		11D9AA121FB06141008D32E9 = {
			isa = PBXGroup;
			children = (
				11303FC81FB06ADA0020C93D /* ThirdPart */,
				11D9AA1D1FB06141008D32E9 /* ShirokarasNotebook */,
				11D9AA391FB06143008D32E9 /* ShirokarasNotebookTests */,
				11D9AA441FB06143008D32E9 /* ShirokarasNotebookUITests */,
				11D9AA1C1FB06141008D32E9 /* Products */,
				4086F9C6777F8E02E51074CD /* Pods */,
				2DAB1A0B9D9E1AA8269C3A3B /* Frameworks */,
			);
			sourceTree = "<group>";
		};
		11D9AA1C1FB06141008D32E9 /* Products */ = {
			isa = PBXGroup;
			children = (
				11D9AA1B1FB06141008D32E9 /* ShirokarasNotebook.app */,
				11D9AA361FB06143008D32E9 /* ShirokarasNotebookTests.xctest */,
				11D9AA411FB06143008D32E9 /* ShirokarasNotebookUITests.xctest */,
			);
			name = Products;
			sourceTree = "<group>";
		};
		11D9AA1D1FB06141008D32E9 /* ShirokarasNotebook */ = {
			isa = PBXGroup;
			children = (
				11D9AA1E1FB06142008D32E9 /* AppDelegate.h */,
				11D9AA1F1FB06142008D32E9 /* AppDelegate.m */,
				11D9AA211FB06142008D32E9 /* ViewController.h */,
				11D9AA221FB06142008D32E9 /* ViewController.m */,
				11D9AA241FB06142008D32E9 /* Main.storyboard */,
				11D9AA2A1FB06142008D32E9 /* Assets.xcassets */,
				11D9AA2C1FB06142008D32E9 /* LaunchScreen.storyboard */,
				11D9AA2F1FB06142008D32E9 /* Info.plist */,
				11D9AA301FB06142008D32E9 /* main.m */,
				11D9AA271FB06142008D32E9 /* ShirokarasNotebook.xcdatamodeld */,
				1130402A1FB070850020C93D /* ShirokarasNotebook-prefix.pch */,
				1130402F1FB0765E0020C93D /* environment */,
			);
			path = ShirokarasNotebook;
			sourceTree = "<group>";
		};
		11D9AA391FB06143008D32E9 /* ShirokarasNotebookTests */ = {
			isa = PBXGroup;
			children = (
				11D9AA3A1FB06143008D32E9 /* ShirokarasNotebookTests.m */,
				11D9AA3C1FB06143008D32E9 /* Info.plist */,
			);
			path = ShirokarasNotebookTests;
			sourceTree = "<group>";
		};
		11D9AA441FB06143008D32E9 /* ShirokarasNotebookUITests */ = {
			isa = PBXGroup;
			children = (
				11D9AA451FB06143008D32E9 /* ShirokarasNotebookUITests.m */,
				11D9AA471FB06143008D32E9 /* Info.plist */,
			);
			path = ShirokarasNotebookUITests;
			sourceTree = "<group>";
		};
		2DAB1A0B9D9E1AA8269C3A3B /* Frameworks */ = {
			isa = PBXGroup;
			children = (
				113040051FB06C7B0020C93D /* ImageIO.framework */,
				113040031FB06C730020C93D /* libsqlite3.tbd */,
				113040011FB06C610020C93D /* JavaScriptCore.framework */,
				11303FFF1FB06C5A0020C93D /* libstdc++.tbd */,
				11303FFD1FB06C500020C93D /* libz.tbd */,
				11303FFB1FB06C450020C93D /* libicucore.tbd */,
				86500B7B570A24B74CF17CC6 /* libPods-ShirokarasNotebook.a */,
				40ABAEC3F029BAF396076F28 /* libPods-ShirokarasNotebookTests.a */,
				FB0878A33164D7DFE8BE3BC8 /* libPods-ShirokarasNotebookUITests.a */,
			);
			name = Frameworks;
			sourceTree = "<group>";
		};
		4086F9C6777F8E02E51074CD /* Pods */ = {
			isa = PBXGroup;
			children = (
				118AA93E31B83F334F7C5654 /* Pods-ShirokarasNotebook.debug.xcconfig */,
				8CD6D414B54DE7A4C3ACB3F3 /* Pods-ShirokarasNotebook.release.xcconfig */,
				401A52AB8343B21779DEC99D /* Pods-ShirokarasNotebookTests.debug.xcconfig */,
				6AD69E51AC31CC15E29CD0AC /* Pods-ShirokarasNotebookTests.release.xcconfig */,
				C442071CB0AA3663A5EF7E62 /* Pods-ShirokarasNotebookUITests.debug.xcconfig */,
				96DA3AA320E6C3E87B13B00C /* Pods-ShirokarasNotebookUITests.release.xcconfig */,
			);
			name = Pods;
			sourceTree = "<group>";
		};
/* End PBXGroup section */

/* Begin PBXNativeTarget section */
		11D9AA1A1FB06141008D32E9 /* ShirokarasNotebook */ = {
			isa = PBXNativeTarget;
			buildConfigurationList = 11D9AA4A1FB06143008D32E9 /* Build configuration list for PBXNativeTarget "ShirokarasNotebook" */;
			buildPhases = (
				CCDCE72BCC3C9D1B38B1ACB9 /* [CP] Check Pods Manifest.lock */,
				11D9AA171FB06141008D32E9 /* Sources */,
				11D9AA181FB06141008D32E9 /* Frameworks */,
				11D9AA191FB06141008D32E9 /* Resources */,
				F7880644183D460476CFD82D /* [CP] Embed Pods Frameworks */,
				FB3112488D2E97C4A90A8729 /* [CP] Copy Pods Resources */,
				113040311FB0766F0020C93D /* Client Config */,
				113040321FB076A40020C93D /* Server Config */,
			);
			buildRules = (
			);
			dependencies = (
			);
			name = ShirokarasNotebook;
			productName = ShirokarasNotebook;
			productReference = 11D9AA1B1FB06141008D32E9 /* ShirokarasNotebook.app */;
			productType = "com.apple.product-type.application";
		};
		11D9AA351FB06143008D32E9 /* ShirokarasNotebookTests */ = {
			isa = PBXNativeTarget;
			buildConfigurationList = 11D9AA4D1FB06143008D32E9 /* Build configuration list for PBXNativeTarget "ShirokarasNotebookTests" */;
			buildPhases = (
				9DA57CC3D350FD6C0BFD3996 /* [CP] Check Pods Manifest.lock */,
				11D9AA321FB06143008D32E9 /* Sources */,
				11D9AA331FB06143008D32E9 /* Frameworks */,
				11D9AA341FB06143008D32E9 /* Resources */,
				B0CB671402AF15883817DE62 /* [CP] Embed Pods Frameworks */,
				C8A944823C4EE4CC53E5B748 /* [CP] Copy Pods Resources */,
			);
			buildRules = (
			);
			dependencies = (
				11D9AA381FB06143008D32E9 /* PBXTargetDependency */,
			);
			name = ShirokarasNotebookTests;
			productName = ShirokarasNotebookTests;
			productReference = 11D9AA361FB06143008D32E9 /* ShirokarasNotebookTests.xctest */;
			productType = "com.apple.product-type.bundle.unit-test";
		};
		11D9AA401FB06143008D32E9 /* ShirokarasNotebookUITests */ = {
			isa = PBXNativeTarget;
			buildConfigurationList = 11D9AA501FB06143008D32E9 /* Build configuration list for PBXNativeTarget "ShirokarasNotebookUITests" */;
			buildPhases = (
				E256ED8E554B3C643EC33E7B /* [CP] Check Pods Manifest.lock */,
				11D9AA3D1FB06143008D32E9 /* Sources */,
				11D9AA3E1FB06143008D32E9 /* Frameworks */,
				11D9AA3F1FB06143008D32E9 /* Resources */,
				74E322A6CB9AEE9C8C567960 /* [CP] Embed Pods Frameworks */,
				6D79E35BFDD61F8554E49BA1 /* [CP] Copy Pods Resources */,
			);
			buildRules = (
			);
			dependencies = (
				11D9AA431FB06143008D32E9 /* PBXTargetDependency */,
			);
			name = ShirokarasNotebookUITests;
			productName = ShirokarasNotebookUITests;
			productReference = 11D9AA411FB06143008D32E9 /* ShirokarasNotebookUITests.xctest */;
			productType = "com.apple.product-type.bundle.ui-testing";
		};
/* End PBXNativeTarget section */

/* Begin PBXProject section */
		11D9AA131FB06141008D32E9 /* Project object */ = {
			isa = PBXProject;
			attributes = {
				LastUpgradeCheck = 0910;
				ORGANIZATIONNAME = SinLemon;
				TargetAttributes = {
					11D9AA1A1FB06141008D32E9 = {
						CreatedOnToolsVersion = 9.1;
						ProvisioningStyle = Automatic;
					};
					11D9AA351FB06143008D32E9 = {
						CreatedOnToolsVersion = 9.1;
						ProvisioningStyle = Automatic;
						TestTargetID = 11D9AA1A1FB06141008D32E9;
					};
					11D9AA401FB06143008D32E9 = {
						CreatedOnToolsVersion = 9.1;
						ProvisioningStyle = Automatic;
						TestTargetID = 11D9AA1A1FB06141008D32E9;
					};
				};
			};
			buildConfigurationList = 11D9AA161FB06141008D32E9 /* Build configuration list for PBXProject "ShirokarasNotebook" */;
			compatibilityVersion = "Xcode 8.0";
			developmentRegion = en;
			hasScannedForEncodings = 0;
			knownRegions = (
				en,
				Base,
			);
			mainGroup = 11D9AA121FB06141008D32E9;
			productRefGroup = 11D9AA1C1FB06141008D32E9 /* Products */;
			projectDirPath = "";
			projectRoot = "";
			targets = (
				11D9AA1A1FB06141008D32E9 /* ShirokarasNotebook */,
				11D9AA351FB06143008D32E9 /* ShirokarasNotebookTests */,
				11D9AA401FB06143008D32E9 /* ShirokarasNotebookUITests */,
			);
		};
/* End PBXProject section */

/* Begin PBXResourcesBuildPhase section */
		11D9AA191FB06141008D32E9 /* Resources */ = {
			isa = PBXResourcesBuildPhase;
			buildActionMask = 2147483647;
			files = (
				11303FF01FB06B3E0020C93D /* ShareSDKUI.bundle in Resources */,
				11D9AA2E1FB06142008D32E9 /* LaunchScreen.storyboard in Resources */,
				1130401E1FB06F900020C93D /* Info.plist in Resources */,
				11D9AA2B1FB06142008D32E9 /* Assets.xcassets in Resources */,
				11303FF31FB06B3E0020C93D /* TencentOpenApi_IOS_Bundle.bundle in Resources */,
				11303FF91FB06B3E0020C93D /* ShareSDK.bundle in Resources */,
				11D9AA261FB06142008D32E9 /* Main.storyboard in Resources */,
				11303FF51FB06B3E0020C93D /* WeiboSDK.bundle in Resources */,
				113040301FB0765F0020C93D /* environment in Resources */,
				11303FF71FB06B3E0020C93D /* read_me.txt in Resources */,
			);
			runOnlyForDeploymentPostprocessing = 0;
		};
		11D9AA341FB06143008D32E9 /* Resources */ = {
			isa = PBXResourcesBuildPhase;
			buildActionMask = 2147483647;
			files = (
			);
			runOnlyForDeploymentPostprocessing = 0;
		};
		11D9AA3F1FB06143008D32E9 /* Resources */ = {
			isa = PBXResourcesBuildPhase;
			buildActionMask = 2147483647;
			files = (
			);
			runOnlyForDeploymentPostprocessing = 0;
		};
/* End PBXResourcesBuildPhase section */

/* Begin PBXShellScriptBuildPhase section */
		113040311FB0766F0020C93D /* Client Config */ = {
			isa = PBXShellScriptBuildPhase;
			buildActionMask = 2147483647;
			files = (
			);
			inputPaths = (
			);
			name = "Client Config";
			outputPaths = (
			);
			runOnlyForDeploymentPostprocessing = 0;
			shellPath = /bin/sh;
			shellScript = ". $SRCROOT/$TARGET_NAME/environment/client/clientconfig.sh";
		};
		113040321FB076A40020C93D /* Server Config */ = {
			isa = PBXShellScriptBuildPhase;
			buildActionMask = 2147483647;
			files = (
			);
			inputPaths = (
			);
			name = "Server Config";
			outputPaths = (
			);
			runOnlyForDeploymentPostprocessing = 0;
			shellPath = /bin/sh;
			shellScript = ". $SRCROOT/$TARGET_NAME/environment/server/serverconfig.sh";
		};
		6D79E35BFDD61F8554E49BA1 /* [CP] Copy Pods Resources */ = {
			isa = PBXShellScriptBuildPhase;
			buildActionMask = 2147483647;
			files = (
			);
			inputPaths = (
			);
			name = "[CP] Copy Pods Resources";
			outputPaths = (
			);
			runOnlyForDeploymentPostprocessing = 0;
			shellPath = /bin/sh;
			shellScript = "\"${SRCROOT}/Pods/Target Support Files/Pods-ShirokarasNotebookUITests/Pods-ShirokarasNotebookUITests-resources.sh\"\n";
			showEnvVarsInLog = 0;
		};
		74E322A6CB9AEE9C8C567960 /* [CP] Embed Pods Frameworks */ = {
			isa = PBXShellScriptBuildPhase;
			buildActionMask = 2147483647;
			files = (
			);
			inputPaths = (
			);
			name = "[CP] Embed Pods Frameworks";
			outputPaths = (
			);
			runOnlyForDeploymentPostprocessing = 0;
			shellPath = /bin/sh;
			shellScript = "\"${SRCROOT}/Pods/Target Support Files/Pods-ShirokarasNotebookUITests/Pods-ShirokarasNotebookUITests-frameworks.sh\"\n";
			showEnvVarsInLog = 0;
		};
		9DA57CC3D350FD6C0BFD3996 /* [CP] Check Pods Manifest.lock */ = {
			isa = PBXShellScriptBuildPhase;
			buildActionMask = 2147483647;
			files = (
			);
			inputPaths = (
			);
			name = "[CP] Check Pods Manifest.lock";
			outputPaths = (
			);
			runOnlyForDeploymentPostprocessing = 0;
			shellPath = /bin/sh;
			shellScript = "diff \"${PODS_ROOT}/../Podfile.lock\" \"${PODS_ROOT}/Manifest.lock\" > /dev/null\nif [ $? != 0 ] ; then\n    # print error to STDERR\n    echo \"error: The sandbox is not in sync with the Podfile.lock. Run 'pod install' or update your CocoaPods installation.\" >&2\n    exit 1\nfi\n";
			showEnvVarsInLog = 0;
		};
		B0CB671402AF15883817DE62 /* [CP] Embed Pods Frameworks */ = {
			isa = PBXShellScriptBuildPhase;
			buildActionMask = 2147483647;
			files = (
			);
			inputPaths = (
			);
			name = "[CP] Embed Pods Frameworks";
			outputPaths = (
			);
			runOnlyForDeploymentPostprocessing = 0;
			shellPath = /bin/sh;
			shellScript = "\"${SRCROOT}/Pods/Target Support Files/Pods-ShirokarasNotebookTests/Pods-ShirokarasNotebookTests-frameworks.sh\"\n";
			showEnvVarsInLog = 0;
		};
		C8A944823C4EE4CC53E5B748 /* [CP] Copy Pods Resources */ = {
			isa = PBXShellScriptBuildPhase;
			buildActionMask = 2147483647;
			files = (
			);
			inputPaths = (
			);
			name = "[CP] Copy Pods Resources";
			outputPaths = (
			);
			runOnlyForDeploymentPostprocessing = 0;
			shellPath = /bin/sh;
			shellScript = "\"${SRCROOT}/Pods/Target Support Files/Pods-ShirokarasNotebookTests/Pods-ShirokarasNotebookTests-resources.sh\"\n";
			showEnvVarsInLog = 0;
		};
		CCDCE72BCC3C9D1B38B1ACB9 /* [CP] Check Pods Manifest.lock */ = {
			isa = PBXShellScriptBuildPhase;
			buildActionMask = 2147483647;
			files = (
			);
			inputPaths = (
			);
			name = "[CP] Check Pods Manifest.lock";
			outputPaths = (
			);
			runOnlyForDeploymentPostprocessing = 0;
			shellPath = /bin/sh;
			shellScript = "diff \"${PODS_ROOT}/../Podfile.lock\" \"${PODS_ROOT}/Manifest.lock\" > /dev/null\nif [ $? != 0 ] ; then\n    # print error to STDERR\n    echo \"error: The sandbox is not in sync with the Podfile.lock. Run 'pod install' or update your CocoaPods installation.\" >&2\n    exit 1\nfi\n";
			showEnvVarsInLog = 0;
		};
		E256ED8E554B3C643EC33E7B /* [CP] Check Pods Manifest.lock */ = {
			isa = PBXShellScriptBuildPhase;
			buildActionMask = 2147483647;
			files = (
			);
			inputPaths = (
			);
			name = "[CP] Check Pods Manifest.lock";
			outputPaths = (
			);
			runOnlyForDeploymentPostprocessing = 0;
			shellPath = /bin/sh;
			shellScript = "diff \"${PODS_ROOT}/../Podfile.lock\" \"${PODS_ROOT}/Manifest.lock\" > /dev/null\nif [ $? != 0 ] ; then\n    # print error to STDERR\n    echo \"error: The sandbox is not in sync with the Podfile.lock. Run 'pod install' or update your CocoaPods installation.\" >&2\n    exit 1\nfi\n";
			showEnvVarsInLog = 0;
		};
		F7880644183D460476CFD82D /* [CP] Embed Pods Frameworks */ = {
			isa = PBXShellScriptBuildPhase;
			buildActionMask = 2147483647;
			files = (
			);
			inputPaths = (
			);
			name = "[CP] Embed Pods Frameworks";
			outputPaths = (
			);
			runOnlyForDeploymentPostprocessing = 0;
			shellPath = /bin/sh;
			shellScript = "\"${SRCROOT}/Pods/Target Support Files/Pods-ShirokarasNotebook/Pods-ShirokarasNotebook-frameworks.sh\"\n";
			showEnvVarsInLog = 0;
		};
		FB3112488D2E97C4A90A8729 /* [CP] Copy Pods Resources */ = {
			isa = PBXShellScriptBuildPhase;
			buildActionMask = 2147483647;
			files = (
			);
			inputPaths = (
			);
			name = "[CP] Copy Pods Resources";
			outputPaths = (
			);
			runOnlyForDeploymentPostprocessing = 0;
			shellPath = /bin/sh;
			shellScript = "\"${SRCROOT}/Pods/Target Support Files/Pods-ShirokarasNotebook/Pods-ShirokarasNotebook-resources.sh\"\n";
			showEnvVarsInLog = 0;
		};
/* End PBXShellScriptBuildPhase section */

/* Begin PBXSourcesBuildPhase section */
		11D9AA171FB06141008D32E9 /* Sources */ = {
			isa = PBXSourcesBuildPhase;
			buildActionMask = 2147483647;
			files = (
				113040231FB06F900020C93D /* MJPropertyType.m in Sources */,
				11D9AA231FB06142008D32E9 /* ViewController.m in Sources */,
				1130401F1FB06F900020C93D /* MJExtensionConst.m in Sources */,
				113040241FB06F900020C93D /* NSObject+MJClass.m in Sources */,
				113040271FB06F900020C93D /* NSObject+MJProperty.m in Sources */,
				113040261FB06F900020C93D /* NSObject+MJKeyValue.m in Sources */,
				113040211FB06F900020C93D /* MJProperty.m in Sources */,
				11D9AA291FB06142008D32E9 /* ShirokarasNotebook.xcdatamodeld in Sources */,
				113040251FB06F900020C93D /* NSObject+MJCoding.m in Sources */,
				113040201FB06F900020C93D /* MJFoundation.m in Sources */,
				113040281FB06F900020C93D /* NSString+MJExtension.m in Sources */,
				11D9AA311FB06142008D32E9 /* main.m in Sources */,
				11D9AA201FB06142008D32E9 /* AppDelegate.m in Sources */,
				113040221FB06F900020C93D /* MJPropertyKey.m in Sources */,
			);
			runOnlyForDeploymentPostprocessing = 0;
		};
		11D9AA321FB06143008D32E9 /* Sources */ = {
			isa = PBXSourcesBuildPhase;
			buildActionMask = 2147483647;
			files = (
				11D9AA3B1FB06143008D32E9 /* ShirokarasNotebookTests.m in Sources */,
			);
			runOnlyForDeploymentPostprocessing = 0;
		};
		11D9AA3D1FB06143008D32E9 /* Sources */ = {
			isa = PBXSourcesBuildPhase;
			buildActionMask = 2147483647;
			files = (
				11D9AA461FB06143008D32E9 /* ShirokarasNotebookUITests.m in Sources */,
			);
			runOnlyForDeploymentPostprocessing = 0;
		};
/* End PBXSourcesBuildPhase section */

/* Begin PBXTargetDependency section */
		11D9AA381FB06143008D32E9 /* PBXTargetDependency */ = {
			isa = PBXTargetDependency;
			target = 11D9AA1A1FB06141008D32E9 /* ShirokarasNotebook */;
			targetProxy = 11D9AA371FB06143008D32E9 /* PBXContainerItemProxy */;
		};
		11D9AA431FB06143008D32E9 /* PBXTargetDependency */ = {
			isa = PBXTargetDependency;
			target = 11D9AA1A1FB06141008D32E9 /* ShirokarasNotebook */;
			targetProxy = 11D9AA421FB06143008D32E9 /* PBXContainerItemProxy */;
		};
/* End PBXTargetDependency section */

/* Begin PBXVariantGroup section */
		11D9AA241FB06142008D32E9 /* Main.storyboard */ = {
			isa = PBXVariantGroup;
			children = (
				11D9AA251FB06142008D32E9 /* Base */,
			);
			name = Main.storyboard;
			sourceTree = "<group>";
		};
		11D9AA2C1FB06142008D32E9 /* LaunchScreen.storyboard */ = {
			isa = PBXVariantGroup;
			children = (
				11D9AA2D1FB06142008D32E9 /* Base */,
			);
			name = LaunchScreen.storyboard;
			sourceTree = "<group>";
		};
/* End PBXVariantGroup section */

/* Begin XCBuildConfiguration section */
		11D9AA481FB06143008D32E9 /* Debug */ = {
			isa = XCBuildConfiguration;
			buildSettings = {
				ALWAYS_SEARCH_USER_PATHS = NO;
				CLANG_ANALYZER_NONNULL = YES;
				CLANG_ANALYZER_NUMBER_OBJECT_CONVERSION = YES_AGGRESSIVE;
				CLANG_CXX_LANGUAGE_STANDARD = "gnu++14";
				CLANG_CXX_LIBRARY = "libc++";
				CLANG_ENABLE_MODULES = YES;
				CLANG_ENABLE_OBJC_ARC = YES;
				CLANG_WARN_BLOCK_CAPTURE_AUTORELEASING = YES;
				CLANG_WARN_BOOL_CONVERSION = YES;
				CLANG_WARN_COMMA = YES;
				CLANG_WARN_CONSTANT_CONVERSION = YES;
				CLANG_WARN_DIRECT_OBJC_ISA_USAGE = YES_ERROR;
				CLANG_WARN_DOCUMENTATION_COMMENTS = YES;
				CLANG_WARN_EMPTY_BODY = YES;
				CLANG_WARN_ENUM_CONVERSION = YES;
				CLANG_WARN_INFINITE_RECURSION = YES;
				CLANG_WARN_INT_CONVERSION = YES;
				CLANG_WARN_NON_LITERAL_NULL_CONVERSION = YES;
				CLANG_WARN_OBJC_LITERAL_CONVERSION = YES;
				CLANG_WARN_OBJC_ROOT_CLASS = YES_ERROR;
				CLANG_WARN_RANGE_LOOP_ANALYSIS = YES;
				CLANG_WARN_STRICT_PROTOTYPES = YES;
				CLANG_WARN_SUSPICIOUS_MOVE = YES;
				CLANG_WARN_UNGUARDED_AVAILABILITY = YES_AGGRESSIVE;
				CLANG_WARN_UNREACHABLE_CODE = YES;
				CLANG_WARN__DUPLICATE_METHOD_MATCH = YES;
				CODE_SIGN_IDENTITY = "iPhone Developer";
				COPY_PHASE_STRIP = NO;
				DEBUG_INFORMATION_FORMAT = dwarf;
				ENABLE_STRICT_OBJC_MSGSEND = YES;
				ENABLE_TESTABILITY = YES;
				GCC_C_LANGUAGE_STANDARD = gnu11;
				GCC_DYNAMIC_NO_PIC = NO;
				GCC_NO_COMMON_BLOCKS = YES;
				GCC_OPTIMIZATION_LEVEL = 0;
				GCC_PREPROCESSOR_DEFINITIONS = (
					"DEBUG=1",
					"$(inherited)",
				);
				GCC_WARN_64_TO_32_BIT_CONVERSION = YES;
				GCC_WARN_ABOUT_RETURN_TYPE = YES_ERROR;
				GCC_WARN_UNDECLARED_SELECTOR = YES;
				GCC_WARN_UNINITIALIZED_AUTOS = YES_AGGRESSIVE;
				GCC_WARN_UNUSED_FUNCTION = YES;
				GCC_WARN_UNUSED_VARIABLE = YES;
				IPHONEOS_DEPLOYMENT_TARGET = 11.1;
				MTL_ENABLE_DEBUG_INFO = YES;
				ONLY_ACTIVE_ARCH = YES;
				SDKROOT = iphoneos;
			};
			name = Debug;
		};
		11D9AA491FB06143008D32E9 /* Release */ = {
			isa = XCBuildConfiguration;
			buildSettings = {
				ALWAYS_SEARCH_USER_PATHS = NO;
				CLANG_ANALYZER_NONNULL = YES;
				CLANG_ANALYZER_NUMBER_OBJECT_CONVERSION = YES_AGGRESSIVE;
				CLANG_CXX_LANGUAGE_STANDARD = "gnu++14";
				CLANG_CXX_LIBRARY = "libc++";
				CLANG_ENABLE_MODULES = YES;
				CLANG_ENABLE_OBJC_ARC = YES;
				CLANG_WARN_BLOCK_CAPTURE_AUTORELEASING = YES;
				CLANG_WARN_BOOL_CONVERSION = YES;
				CLANG_WARN_COMMA = YES;
				CLANG_WARN_CONSTANT_CONVERSION = YES;
				CLANG_WARN_DIRECT_OBJC_ISA_USAGE = YES_ERROR;
				CLANG_WARN_DOCUMENTATION_COMMENTS = YES;
				CLANG_WARN_EMPTY_BODY = YES;
				CLANG_WARN_ENUM_CONVERSION = YES;
				CLANG_WARN_INFINITE_RECURSION = YES;
				CLANG_WARN_INT_CONVERSION = YES;
				CLANG_WARN_NON_LITERAL_NULL_CONVERSION = YES;
				CLANG_WARN_OBJC_LITERAL_CONVERSION = YES;
				CLANG_WARN_OBJC_ROOT_CLASS = YES_ERROR;
				CLANG_WARN_RANGE_LOOP_ANALYSIS = YES;
				CLANG_WARN_STRICT_PROTOTYPES = YES;
				CLANG_WARN_SUSPICIOUS_MOVE = YES;
				CLANG_WARN_UNGUARDED_AVAILABILITY = YES_AGGRESSIVE;
				CLANG_WARN_UNREACHABLE_CODE = YES;
				CLANG_WARN__DUPLICATE_METHOD_MATCH = YES;
				CODE_SIGN_IDENTITY = "iPhone Developer";
				COPY_PHASE_STRIP = NO;
				DEBUG_INFORMATION_FORMAT = "dwarf-with-dsym";
				ENABLE_NS_ASSERTIONS = NO;
				ENABLE_STRICT_OBJC_MSGSEND = YES;
				GCC_C_LANGUAGE_STANDARD = gnu11;
				GCC_NO_COMMON_BLOCKS = YES;
				GCC_WARN_64_TO_32_BIT_CONVERSION = YES;
				GCC_WARN_ABOUT_RETURN_TYPE = YES_ERROR;
				GCC_WARN_UNDECLARED_SELECTOR = YES;
				GCC_WARN_UNINITIALIZED_AUTOS = YES_AGGRESSIVE;
				GCC_WARN_UNUSED_FUNCTION = YES;
				GCC_WARN_UNUSED_VARIABLE = YES;
				IPHONEOS_DEPLOYMENT_TARGET = 11.1;
				MTL_ENABLE_DEBUG_INFO = NO;
				SDKROOT = iphoneos;
				VALIDATE_PRODUCT = YES;
			};
			name = Release;
		};
		11D9AA4B1FB06143008D32E9 /* Debug */ = {
			isa = XCBuildConfiguration;
			baseConfigurationReference = 118AA93E31B83F334F7C5654 /* Pods-ShirokarasNotebook.debug.xcconfig */;
			buildSettings = {
				ASSETCATALOG_COMPILER_APPICON_NAME = AppIcon;
				CODE_SIGN_STYLE = Automatic;
				DEVELOPMENT_TEAM = 6H2SM536G6;
				ENABLE_BITCODE = NO;
				FRAMEWORK_SEARCH_PATHS = (
					"$(inherited)",
					"$(PROJECT_DIR)/ThirdPart/ShareSDK",
					"$(PROJECT_DIR)/ThirdPart/ShareSDK/Support/Optional",
					"$(PROJECT_DIR)/ThirdPart/ShareSDK/Support/PlatformSDK/QQSDK",
					"$(PROJECT_DIR)/ThirdPart/ShareSDK/Support/Required",
				);
				GCC_PREFIX_HEADER = "$(SRCROOT)/$(PROJECT_NAME)/ShirokarasNotebook-prefix.pch";
				INFOPLIST_FILE = ShirokarasNotebook/Info.plist;
				IPHONEOS_DEPLOYMENT_TARGET = 10.0;
				LD_RUNPATH_SEARCH_PATHS = "$(inherited) @executable_path/Frameworks";
				LIBRARY_SEARCH_PATHS = (
					"$(inherited)",
					"$(PROJECT_DIR)/ThirdPart/ShareSDK/Support/PlatformSDK/SinaWeiboSDK",
					"$(PROJECT_DIR)/ThirdPart/ShareSDK/Support/PlatformSDK/WeChatSDK",
				);
				PRODUCT_BUNDLE_IDENTIFIER = com.shirokaras.ShirokarasNotebook;
				PRODUCT_NAME = "$(TARGET_NAME)";
				TARGETED_DEVICE_FAMILY = "1,2";
			};
			name = Debug;
		};
		11D9AA4C1FB06143008D32E9 /* Release */ = {
			isa = XCBuildConfiguration;
			baseConfigurationReference = 8CD6D414B54DE7A4C3ACB3F3 /* Pods-ShirokarasNotebook.release.xcconfig */;
			buildSettings = {
				ASSETCATALOG_COMPILER_APPICON_NAME = AppIcon;
				CODE_SIGN_STYLE = Automatic;
				DEVELOPMENT_TEAM = 6H2SM536G6;
				ENABLE_BITCODE = NO;
				FRAMEWORK_SEARCH_PATHS = (
					"$(inherited)",
					"$(PROJECT_DIR)/ThirdPart/ShareSDK",
					"$(PROJECT_DIR)/ThirdPart/ShareSDK/Support/Optional",
					"$(PROJECT_DIR)/ThirdPart/ShareSDK/Support/PlatformSDK/QQSDK",
					"$(PROJECT_DIR)/ThirdPart/ShareSDK/Support/Required",
				);
				GCC_PREFIX_HEADER = "$(SRCROOT)/$(PROJECT_NAME)/ShirokarasNotebook-prefix.pch";
				INFOPLIST_FILE = ShirokarasNotebook/Info.plist;
				IPHONEOS_DEPLOYMENT_TARGET = 10.0;
				LD_RUNPATH_SEARCH_PATHS = "$(inherited) @executable_path/Frameworks";
				LIBRARY_SEARCH_PATHS = (
					"$(inherited)",
					"$(PROJECT_DIR)/ThirdPart/ShareSDK/Support/PlatformSDK/SinaWeiboSDK",
					"$(PROJECT_DIR)/ThirdPart/ShareSDK/Support/PlatformSDK/WeChatSDK",
				);
				PRODUCT_BUNDLE_IDENTIFIER = com.shirokaras.ShirokarasNotebook;
				PRODUCT_NAME = "$(TARGET_NAME)";
				TARGETED_DEVICE_FAMILY = "1,2";
			};
			name = Release;
		};
		11D9AA4E1FB06143008D32E9 /* Debug */ = {
			isa = XCBuildConfiguration;
			baseConfigurationReference = 401A52AB8343B21779DEC99D /* Pods-ShirokarasNotebookTests.debug.xcconfig */;
			buildSettings = {
				BUNDLE_LOADER = "$(TEST_HOST)";
				CODE_SIGN_STYLE = Automatic;
				DEVELOPMENT_TEAM = 6H2SM536G6;
				INFOPLIST_FILE = ShirokarasNotebookTests/Info.plist;
				LD_RUNPATH_SEARCH_PATHS = "$(inherited) @executable_path/Frameworks @loader_path/Frameworks";
				PRODUCT_BUNDLE_IDENTIFIER = com.shirokaras.ShirokarasNotebookTests;
				PRODUCT_NAME = "$(TARGET_NAME)";
				TARGETED_DEVICE_FAMILY = "1,2";
				TEST_HOST = "$(BUILT_PRODUCTS_DIR)/ShirokarasNotebook.app/ShirokarasNotebook";
			};
			name = Debug;
		};
		11D9AA4F1FB06143008D32E9 /* Release */ = {
			isa = XCBuildConfiguration;
			baseConfigurationReference = 6AD69E51AC31CC15E29CD0AC /* Pods-ShirokarasNotebookTests.release.xcconfig */;
			buildSettings = {
				BUNDLE_LOADER = "$(TEST_HOST)";
				CODE_SIGN_STYLE = Automatic;
				DEVELOPMENT_TEAM = 6H2SM536G6;
				INFOPLIST_FILE = ShirokarasNotebookTests/Info.plist;
				LD_RUNPATH_SEARCH_PATHS = "$(inherited) @executable_path/Frameworks @loader_path/Frameworks";
				PRODUCT_BUNDLE_IDENTIFIER = com.shirokaras.ShirokarasNotebookTests;
				PRODUCT_NAME = "$(TARGET_NAME)";
				TARGETED_DEVICE_FAMILY = "1,2";
				TEST_HOST = "$(BUILT_PRODUCTS_DIR)/ShirokarasNotebook.app/ShirokarasNotebook";
			};
			name = Release;
		};
		11D9AA511FB06143008D32E9 /* Debug */ = {
			isa = XCBuildConfiguration;
			baseConfigurationReference = C442071CB0AA3663A5EF7E62 /* Pods-ShirokarasNotebookUITests.debug.xcconfig */;
			buildSettings = {
				CODE_SIGN_STYLE = Automatic;
				DEVELOPMENT_TEAM = 6H2SM536G6;
				INFOPLIST_FILE = ShirokarasNotebookUITests/Info.plist;
				LD_RUNPATH_SEARCH_PATHS = "$(inherited) @executable_path/Frameworks @loader_path/Frameworks";
				PRODUCT_BUNDLE_IDENTIFIER = com.shirokaras.ShirokarasNotebookUITests;
				PRODUCT_NAME = "$(TARGET_NAME)";
				TARGETED_DEVICE_FAMILY = "1,2";
				TEST_TARGET_NAME = ShirokarasNotebook;
			};
			name = Debug;
		};
		11D9AA521FB06143008D32E9 /* Release */ = {
			isa = XCBuildConfiguration;
			baseConfigurationReference = 96DA3AA320E6C3E87B13B00C /* Pods-ShirokarasNotebookUITests.release.xcconfig */;
			buildSettings = {
				CODE_SIGN_STYLE = Automatic;
				DEVELOPMENT_TEAM = 6H2SM536G6;
				INFOPLIST_FILE = ShirokarasNotebookUITests/Info.plist;
				LD_RUNPATH_SEARCH_PATHS = "$(inherited) @executable_path/Frameworks @loader_path/Frameworks";
				PRODUCT_BUNDLE_IDENTIFIER = com.shirokaras.ShirokarasNotebookUITests;
				PRODUCT_NAME = "$(TARGET_NAME)";
				TARGETED_DEVICE_FAMILY = "1,2";
				TEST_TARGET_NAME = ShirokarasNotebook;
			};
			name = Release;
		};
/* End XCBuildConfiguration section */

/* Begin XCConfigurationList section */
		11D9AA161FB06141008D32E9 /* Build configuration list for PBXProject "ShirokarasNotebook" */ = {
			isa = XCConfigurationList;
			buildConfigurations = (
				11D9AA481FB06143008D32E9 /* Debug */,
				11D9AA491FB06143008D32E9 /* Release */,
			);
			defaultConfigurationIsVisible = 0;
			defaultConfigurationName = Release;
		};
		11D9AA4A1FB06143008D32E9 /* Build configuration list for PBXNativeTarget "ShirokarasNotebook" */ = {
			isa = XCConfigurationList;
			buildConfigurations = (
				11D9AA4B1FB06143008D32E9 /* Debug */,
				11D9AA4C1FB06143008D32E9 /* Release */,
			);
			defaultConfigurationIsVisible = 0;
			defaultConfigurationName = Release;
		};
		11D9AA4D1FB06143008D32E9 /* Build configuration list for PBXNativeTarget "ShirokarasNotebookTests" */ = {
			isa = XCConfigurationList;
			buildConfigurations = (
				11D9AA4E1FB06143008D32E9 /* Debug */,
				11D9AA4F1FB06143008D32E9 /* Release */,
			);
			defaultConfigurationIsVisible = 0;
			defaultConfigurationName = Release;
		};
		11D9AA501FB06143008D32E9 /* Build configuration list for PBXNativeTarget "ShirokarasNotebookUITests" */ = {
			isa = XCConfigurationList;
			buildConfigurations = (
				11D9AA511FB06143008D32E9 /* Debug */,
				11D9AA521FB06143008D32E9 /* Release */,
			);
			defaultConfigurationIsVisible = 0;
			defaultConfigurationName = Release;
		};
/* End XCConfigurationList section */

/* Begin XCVersionGroup section */
		11D9AA271FB06142008D32E9 /* ShirokarasNotebook.xcdatamodeld */ = {
			isa = XCVersionGroup;
			children = (
				11D9AA281FB06142008D32E9 /* ShirokarasNotebook.xcdatamodel */,
			);
			currentVersion = 11D9AA281FB06142008D32E9 /* ShirokarasNotebook.xcdatamodel */;
			path = ShirokarasNotebook.xcdatamodeld;
			sourceTree = "<group>";
			versionGroupType = wrapper.xcdatamodel;
		};
/* End XCVersionGroup section */
	};
	rootObject = 11D9AA131FB06141008D32E9 /* Project object */;
}
