// !$*UTF8*$!
{
	archiveVersion = 1;
	classes = {
	};
	objectVersion = 48;
	objects = {

/* Begin PBXBuildFile section */
		11D9AA201FB06142008D32E9 /* AppDelegate.m in Sources */ = {isa = PBXBuildFile; fileRef = 11D9AA1F1FB06142008D32E9 /* AppDelegate.m */; };
		11D9AA231FB06142008D32E9 /* ViewController.m in Sources */ = {isa = PBXBuildFile; fileRef = 11D9AA221FB06142008D32E9 /* ViewController.m */; };
		11D9AA261FB06142008D32E9 /* Main.storyboard in Resources */ = {isa = PBXBuildFile; fileRef = 11D9AA241FB06142008D32E9 /* Main.storyboard */; };
		11D9AA291FB06142008D32E9 /* ShirokarasNotebook.xcdatamodeld in Sources */ = {isa = PBXBuildFile; fileRef = 11D9AA271FB06142008D32E9 /* ShirokarasNotebook.xcdatamodeld */; };
		11D9AA2B1FB06142008D32E9 /* Assets.xcassets in Resources */ = {isa = PBXBuildFile; fileRef = 11D9AA2A1FB06142008D32E9 /* Assets.xcassets */; };
		11D9AA2E1FB06142008D32E9 /* LaunchScreen.storyboard in Resources */ = {isa = PBXBuildFile; fileRef = 11D9AA2C1FB06142008D32E9 /* LaunchScreen.storyboard */; };
		11D9AA311FB06142008D32E9 /* main.m in Sources */ = {isa = PBXBuildFile; fileRef = 11D9AA301FB06142008D32E9 /* main.m */; };
		11D9AA3B1FB06143008D32E9 /* ShirokarasNotebookTests.m in Sources */ = {isa = PBXBuildFile; fileRef = 11D9AA3A1FB06143008D32E9 /* ShirokarasNotebookTests.m */; };
		11D9AA461FB06143008D32E9 /* ShirokarasNotebookUITests.m in Sources */ = {isa = PBXBuildFile; fileRef = 11D9AA451FB06143008D32E9 /* ShirokarasNotebookUITests.m */; };
/* End PBXBuildFile section */

/* Begin PBXContainerItemProxy section */
		11D9AA371FB06143008D32E9 /* PBXContainerItemProxy */ = {
			isa = PBXContainerItemProxy;
			containerPortal = 11D9AA131FB06141008D32E9 /* Project object */;
			proxyType = 1;
			remoteGlobalIDString = 11D9AA1A1FB06141008D32E9;
			remoteInfo = ShirokarasNotebook;
		};
		11D9AA421FB06143008D32E9 /* PBXContainerItemProxy */ = {
			isa = PBXContainerItemProxy;
			containerPortal = 11D9AA131FB06141008D32E9 /* Project object */;
			proxyType = 1;
			remoteGlobalIDString = 11D9AA1A1FB06141008D32E9;
			remoteInfo = ShirokarasNotebook;
		};
/* End PBXContainerItemProxy section */

/* Begin PBXFileReference section */
		11D9AA1B1FB06141008D32E9 /* ShirokarasNotebook.app */ = {isa = PBXFileReference; explicitFileType = wrapper.application; includeInIndex = 0; path = ShirokarasNotebook.app; sourceTree = BUILT_PRODUCTS_DIR; };
		11D9AA1E1FB06142008D32E9 /* AppDelegate.h */ = {isa = PBXFileReference; lastKnownFileType = sourcecode.c.h; path = AppDelegate.h; sourceTree = "<group>"; };
		11D9AA1F1FB06142008D32E9 /* AppDelegate.m */ = {isa = PBXFileReference; lastKnownFileType = sourcecode.c.objc; path = AppDelegate.m; sourceTree = "<group>"; };
		11D9AA211FB06142008D32E9 /* ViewController.h */ = {isa = PBXFileReference; lastKnownFileType = sourcecode.c.h; path = ViewController.h; sourceTree = "<group>"; };
		11D9AA221FB06142008D32E9 /* ViewController.m */ = {isa = PBXFileReference; lastKnownFileType = sourcecode.c.objc; path = ViewController.m; sourceTree = "<group>"; };
		11D9AA251FB06142008D32E9 /* Base */ = {isa = PBXFileReference; lastKnownFileType = file.storyboard; name = Base; path = Base.lproj/Main.storyboard; sourceTree = "<group>"; };
		11D9AA281FB06142008D32E9 /* ShirokarasNotebook.xcdatamodel */ = {isa = PBXFileReference; lastKnownFileType = wrapper.xcdatamodel; path = ShirokarasNotebook.xcdatamodel; sourceTree = "<group>"; };
		11D9AA2A1FB06142008D32E9 /* Assets.xcassets */ = {isa = PBXFileReference; lastKnownFileType = folder.assetcatalog; path = Assets.xcassets; sourceTree = "<group>"; };
		11D9AA2D1FB06142008D32E9 /* Base */ = {isa = PBXFileReference; lastKnownFileType = file.storyboard; name = Base; path = Base.lproj/LaunchScreen.storyboard; sourceTree = "<group>"; };
		11D9AA2F1FB06142008D32E9 /* Info.plist */ = {isa = PBXFileReference; lastKnownFileType = text.plist.xml; path = Info.plist; sourceTree = "<group>"; };
		11D9AA301FB06142008D32E9 /* main.m */ = {isa = PBXFileReference; lastKnownFileType = sourcecode.c.objc; path = main.m; sourceTree = "<group>"; };
		11D9AA361FB06143008D32E9 /* ShirokarasNotebookTests.xctest */ = {isa = PBXFileReference; explicitFileType = wrapper.cfbundle; includeInIndex = 0; path = ShirokarasNotebookTests.xctest; sourceTree = BUILT_PRODUCTS_DIR; };
		11D9AA3A1FB06143008D32E9 /* ShirokarasNotebookTests.m */ = {isa = PBXFileReference; lastKnownFileType = sourcecode.c.objc; path = ShirokarasNotebookTests.m; sourceTree = "<group>"; };
		11D9AA3C1FB06143008D32E9 /* Info.plist */ = {isa = PBXFileReference; lastKnownFileType = text.plist.xml; path = Info.plist; sourceTree = "<group>"; };
		11D9AA411FB06143008D32E9 /* ShirokarasNotebookUITests.xctest */ = {isa = PBXFileReference; explicitFileType = wrapper.cfbundle; includeInIndex = 0; path = ShirokarasNotebookUITests.xctest; sourceTree = BUILT_PRODUCTS_DIR; };
		11D9AA451FB06143008D32E9 /* ShirokarasNotebookUITests.m */ = {isa = PBXFileReference; lastKnownFileType = sourcecode.c.objc; path = ShirokarasNotebookUITests.m; sourceTree = "<group>"; };
		11D9AA471FB06143008D32E9 /* Info.plist */ = {isa = PBXFileReference; lastKnownFileType = text.plist.xml; path = Info.plist; sourceTree = "<group>"; };
/* End PBXFileReference section */

/* Begin PBXFrameworksBuildPhase section */
		11D9AA181FB06141008D32E9 /* Frameworks */ = {
			isa = PBXFrameworksBuildPhase;
			buildActionMask = 2147483647;
			files = (
			);
			runOnlyForDeploymentPostprocessing = 0;
		};
		11D9AA331FB06143008D32E9 /* Frameworks */ = {
			isa = PBXFrameworksBuildPhase;
			buildActionMask = 2147483647;
			files = (
			);
			runOnlyForDeploymentPostprocessing = 0;
		};
		11D9AA3E1FB06143008D32E9 /* Frameworks */ = {
			isa = PBXFrameworksBuildPhase;
			buildActionMask = 2147483647;
			files = (
			);
			runOnlyForDeploymentPostprocessing = 0;
		};
/* End PBXFrameworksBuildPhase section */

/* Begin PBXGroup section */
		11D9AA121FB06141008D32E9 = {
			isa = PBXGroup;
			children = (
				11D9AA1D1FB06141008D32E9 /* ShirokarasNotebook */,
				11D9AA391FB06143008D32E9 /* ShirokarasNotebookTests */,
				11D9AA441FB06143008D32E9 /* ShirokarasNotebookUITests */,
				11D9AA1C1FB06141008D32E9 /* Products */,
			);
			sourceTree = "<group>";
		};
		11D9AA1C1FB06141008D32E9 /* Products */ = {
			isa = PBXGroup;
			children = (
				11D9AA1B1FB06141008D32E9 /* ShirokarasNotebook.app */,
				11D9AA361FB06143008D32E9 /* ShirokarasNotebookTests.xctest */,
				11D9AA411FB06143008D32E9 /* ShirokarasNotebookUITests.xctest */,
			);
			name = Products;
			sourceTree = "<group>";
		};
		11D9AA1D1FB06141008D32E9 /* ShirokarasNotebook */ = {
			isa = PBXGroup;
			children = (
				11D9AA1E1FB06142008D32E9 /* AppDelegate.h */,
				11D9AA1F1FB06142008D32E9 /* AppDelegate.m */,
				11D9AA211FB06142008D32E9 /* ViewController.h */,
				11D9AA221FB06142008D32E9 /* ViewController.m */,
				11D9AA241FB06142008D32E9 /* Main.storyboard */,
				11D9AA2A1FB06142008D32E9 /* Assets.xcassets */,
				11D9AA2C1FB06142008D32E9 /* LaunchScreen.storyboard */,
				11D9AA2F1FB06142008D32E9 /* Info.plist */,
				11D9AA301FB06142008D32E9 /* main.m */,
				11D9AA271FB06142008D32E9 /* ShirokarasNotebook.xcdatamodeld */,
			);
			path = ShirokarasNotebook;
			sourceTree = "<group>";
		};
		11D9AA391FB06143008D32E9 /* ShirokarasNotebookTests */ = {
			isa = PBXGroup;
			children = (
				11D9AA3A1FB06143008D32E9 /* ShirokarasNotebookTests.m */,
				11D9AA3C1FB06143008D32E9 /* Info.plist */,
			);
			path = ShirokarasNotebookTests;
			sourceTree = "<group>";
		};
		11D9AA441FB06143008D32E9 /* ShirokarasNotebookUITests */ = {
			isa = PBXGroup;
			children = (
				11D9AA451FB06143008D32E9 /* ShirokarasNotebookUITests.m */,
				11D9AA471FB06143008D32E9 /* Info.plist */,
			);
			path = ShirokarasNotebookUITests;
			sourceTree = "<group>";
		};
/* End PBXGroup section */

/* Begin PBXNativeTarget section */
		11D9AA1A1FB06141008D32E9 /* ShirokarasNotebook */ = {
			isa = PBXNativeTarget;
			buildConfigurationList = 11D9AA4A1FB06143008D32E9 /* Build configuration list for PBXNativeTarget "ShirokarasNotebook" */;
			buildPhases = (
				11D9AA171FB06141008D32E9 /* Sources */,
				11D9AA181FB06141008D32E9 /* Frameworks */,
				11D9AA191FB06141008D32E9 /* Resources */,
			);
			buildRules = (
			);
			dependencies = (
			);
			name = ShirokarasNotebook;
			productName = ShirokarasNotebook;
			productReference = 11D9AA1B1FB06141008D32E9 /* ShirokarasNotebook.app */;
			productType = "com.apple.product-type.application";
		};
		11D9AA351FB06143008D32E9 /* ShirokarasNotebookTests */ = {
			isa = PBXNativeTarget;
			buildConfigurationList = 11D9AA4D1FB06143008D32E9 /* Build configuration list for PBXNativeTarget "ShirokarasNotebookTests" */;
			buildPhases = (
				11D9AA321FB06143008D32E9 /* Sources */,
				11D9AA331FB06143008D32E9 /* Frameworks */,
				11D9AA341FB06143008D32E9 /* Resources */,
			);
			buildRules = (
			);
			dependencies = (
				11D9AA381FB06143008D32E9 /* PBXTargetDependency */,
			);
			name = ShirokarasNotebookTests;
			productName = ShirokarasNotebookTests;
			productReference = 11D9AA361FB06143008D32E9 /* ShirokarasNotebookTests.xctest */;
			productType = "com.apple.product-type.bundle.unit-test";
		};
		11D9AA401FB06143008D32E9 /* ShirokarasNotebookUITests */ = {
			isa = PBXNativeTarget;
			buildConfigurationList = 11D9AA501FB06143008D32E9 /* Build configuration list for PBXNativeTarget "ShirokarasNotebookUITests" */;
			buildPhases = (
				11D9AA3D1FB06143008D32E9 /* Sources */,
				11D9AA3E1FB06143008D32E9 /* Frameworks */,
				11D9AA3F1FB06143008D32E9 /* Resources */,
			);
			buildRules = (
			);
			dependencies = (
				11D9AA431FB06143008D32E9 /* PBXTargetDependency */,
			);
			name = ShirokarasNotebookUITests;
			productName = ShirokarasNotebookUITests;
			productReference = 11D9AA411FB06143008D32E9 /* ShirokarasNotebookUITests.xctest */;
			productType = "com.apple.product-type.bundle.ui-testing";
		};
/* End PBXNativeTarget section */

/* Begin PBXProject section */
		11D9AA131FB06141008D32E9 /* Project object */ = {
			isa = PBXProject;
			attributes = {
				LastUpgradeCheck = 0910;
				ORGANIZATIONNAME = SinLemon;
				TargetAttributes = {
					11D9AA1A1FB06141008D32E9 = {
						CreatedOnToolsVersion = 9.1;
						ProvisioningStyle = Automatic;
					};
					11D9AA351FB06143008D32E9 = {
						CreatedOnToolsVersion = 9.1;
						ProvisioningStyle = Automatic;
						TestTargetID = 11D9AA1A1FB06141008D32E9;
					};
					11D9AA401FB06143008D32E9 = {
						CreatedOnToolsVersion = 9.1;
						ProvisioningStyle = Automatic;
						TestTargetID = 11D9AA1A1FB06141008D32E9;
					};
				};
			};
			buildConfigurationList = 11D9AA161FB06141008D32E9 /* Build configuration list for PBXProject "ShirokarasNotebook" */;
			compatibilityVersion = "Xcode 8.0";
			developmentRegion = en;
			hasScannedForEncodings = 0;
			knownRegions = (
				en,
				Base,
			);
			mainGroup = 11D9AA121FB06141008D32E9;
			productRefGroup = 11D9AA1C1FB06141008D32E9 /* Products */;
			projectDirPath = "";
			projectRoot = "";
			targets = (
				11D9AA1A1FB06141008D32E9 /* ShirokarasNotebook */,
				11D9AA351FB06143008D32E9 /* ShirokarasNotebookTests */,
				11D9AA401FB06143008D32E9 /* ShirokarasNotebookUITests */,
			);
		};
/* End PBXProject section */

/* Begin PBXResourcesBuildPhase section */
		11D9AA191FB06141008D32E9 /* Resources */ = {
			isa = PBXResourcesBuildPhase;
			buildActionMask = 2147483647;
			files = (
				11D9AA2E1FB06142008D32E9 /* LaunchScreen.storyboard in Resources */,
				11D9AA2B1FB06142008D32E9 /* Assets.xcassets in Resources */,
				11D9AA261FB06142008D32E9 /* Main.storyboard in Resources */,
			);
			runOnlyForDeploymentPostprocessing = 0;
		};
		11D9AA341FB06143008D32E9 /* Resources */ = {
			isa = PBXResourcesBuildPhase;
			buildActionMask = 2147483647;
			files = (
			);
			runOnlyForDeploymentPostprocessing = 0;
		};
		11D9AA3F1FB06143008D32E9 /* Resources */ = {
			isa = PBXResourcesBuildPhase;
			buildActionMask = 2147483647;
			files = (
			);
			runOnlyForDeploymentPostprocessing = 0;
		};
/* End PBXResourcesBuildPhase section */

/* Begin PBXSourcesBuildPhase section */
		11D9AA171FB06141008D32E9 /* Sources */ = {
			isa = PBXSourcesBuildPhase;
			buildActionMask = 2147483647;
			files = (
				11D9AA231FB06142008D32E9 /* ViewController.m in Sources */,
				11D9AA291FB06142008D32E9 /* ShirokarasNotebook.xcdatamodeld in Sources */,
				11D9AA311FB06142008D32E9 /* main.m in Sources */,
				11D9AA201FB06142008D32E9 /* AppDelegate.m in Sources */,
			);
			runOnlyForDeploymentPostprocessing = 0;
		};
		11D9AA321FB06143008D32E9 /* Sources */ = {
			isa = PBXSourcesBuildPhase;
			buildActionMask = 2147483647;
			files = (
				11D9AA3B1FB06143008D32E9 /* ShirokarasNotebookTests.m in Sources */,
			);
			runOnlyForDeploymentPostprocessing = 0;
		};
		11D9AA3D1FB06143008D32E9 /* Sources */ = {
			isa = PBXSourcesBuildPhase;
			buildActionMask = 2147483647;
			files = (
				11D9AA461FB06143008D32E9 /* ShirokarasNotebookUITests.m in Sources */,
			);
			runOnlyForDeploymentPostprocessing = 0;
		};
/* End PBXSourcesBuildPhase section */

/* Begin PBXTargetDependency section */
		11D9AA381FB06143008D32E9 /* PBXTargetDependency */ = {
			isa = PBXTargetDependency;
			target = 11D9AA1A1FB06141008D32E9 /* ShirokarasNotebook */;
			targetProxy = 11D9AA371FB06143008D32E9 /* PBXContainerItemProxy */;
		};
		11D9AA431FB06143008D32E9 /* PBXTargetDependency */ = {
			isa = PBXTargetDependency;
			target = 11D9AA1A1FB06141008D32E9 /* ShirokarasNotebook */;
			targetProxy = 11D9AA421FB06143008D32E9 /* PBXContainerItemProxy */;
		};
/* End PBXTargetDependency section */

/* Begin PBXVariantGroup section */
		11D9AA241FB06142008D32E9 /* Main.storyboard */ = {
			isa = PBXVariantGroup;
			children = (
				11D9AA251FB06142008D32E9 /* Base */,
			);
			name = Main.storyboard;
			sourceTree = "<group>";
		};
		11D9AA2C1FB06142008D32E9 /* LaunchScreen.storyboard */ = {
			isa = PBXVariantGroup;
			children = (
				11D9AA2D1FB06142008D32E9 /* Base */,
			);
			name = LaunchScreen.storyboard;
			sourceTree = "<group>";
		};
/* End PBXVariantGroup section */

/* Begin XCBuildConfiguration section */
		11D9AA481FB06143008D32E9 /* Debug */ = {
			isa = XCBuildConfiguration;
			buildSettings = {
				ALWAYS_SEARCH_USER_PATHS = NO;
				CLANG_ANALYZER_NONNULL = YES;
				CLANG_ANALYZER_NUMBER_OBJECT_CONVERSION = YES_AGGRESSIVE;
				CLANG_CXX_LANGUAGE_STANDARD = "gnu++14";
				CLANG_CXX_LIBRARY = "libc++";
				CLANG_ENABLE_MODULES = YES;
				CLANG_ENABLE_OBJC_ARC = YES;
				CLANG_WARN_BLOCK_CAPTURE_AUTORELEASING = YES;
				CLANG_WARN_BOOL_CONVERSION = YES;
				CLANG_WARN_COMMA = YES;
				CLANG_WARN_CONSTANT_CONVERSION = YES;
				CLANG_WARN_DIRECT_OBJC_ISA_USAGE = YES_ERROR;
				CLANG_WARN_DOCUMENTATION_COMMENTS = YES;
				CLANG_WARN_EMPTY_BODY = YES;
				CLANG_WARN_ENUM_CONVERSION = YES;
				CLANG_WARN_INFINITE_RECURSION = YES;
				CLANG_WARN_INT_CONVERSION = YES;
				CLANG_WARN_NON_LITERAL_NULL_CONVERSION = YES;
				CLANG_WARN_OBJC_LITERAL_CONVERSION = YES;
				CLANG_WARN_OBJC_ROOT_CLASS = YES_ERROR;
				CLANG_WARN_RANGE_LOOP_ANALYSIS = YES;
				CLANG_WARN_STRICT_PROTOTYPES = YES;
				CLANG_WARN_SUSPICIOUS_MOVE = YES;
				CLANG_WARN_UNGUARDED_AVAILABILITY = YES_AGGRESSIVE;
				CLANG_WARN_UNREACHABLE_CODE = YES;
				CLANG_WARN__DUPLICATE_METHOD_MATCH = YES;
				CODE_SIGN_IDENTITY = "iPhone Developer";
				COPY_PHASE_STRIP = NO;
				DEBUG_INFORMATION_FORMAT = dwarf;
				ENABLE_STRICT_OBJC_MSGSEND = YES;
				ENABLE_TESTABILITY = YES;
				GCC_C_LANGUAGE_STANDARD = gnu11;
				GCC_DYNAMIC_NO_PIC = NO;
				GCC_NO_COMMON_BLOCKS = YES;
				GCC_OPTIMIZATION_LEVEL = 0;
				GCC_PREPROCESSOR_DEFINITIONS = (
					"DEBUG=1",
					"$(inherited)",
				);
				GCC_WARN_64_TO_32_BIT_CONVERSION = YES;
				GCC_WARN_ABOUT_RETURN_TYPE = YES_ERROR;
				GCC_WARN_UNDECLARED_SELECTOR = YES;
				GCC_WARN_UNINITIALIZED_AUTOS = YES_AGGRESSIVE;
				GCC_WARN_UNUSED_FUNCTION = YES;
				GCC_WARN_UNUSED_VARIABLE = YES;
				IPHONEOS_DEPLOYMENT_TARGET = 11.1;
				MTL_ENABLE_DEBUG_INFO = YES;
				ONLY_ACTIVE_ARCH = YES;
				SDKROOT = iphoneos;
			};
			name = Debug;
		};
		11D9AA491FB06143008D32E9 /* Release */ = {
			isa = XCBuildConfiguration;
			buildSettings = {
				ALWAYS_SEARCH_USER_PATHS = NO;
				CLANG_ANALYZER_NONNULL = YES;
				CLANG_ANALYZER_NUMBER_OBJECT_CONVERSION = YES_AGGRESSIVE;
				CLANG_CXX_LANGUAGE_STANDARD = "gnu++14";
				CLANG_CXX_LIBRARY = "libc++";
				CLANG_ENABLE_MODULES = YES;
				CLANG_ENABLE_OBJC_ARC = YES;
				CLANG_WARN_BLOCK_CAPTURE_AUTORELEASING = YES;
				CLANG_WARN_BOOL_CONVERSION = YES;
				CLANG_WARN_COMMA = YES;
				CLANG_WARN_CONSTANT_CONVERSION = YES;
				CLANG_WARN_DIRECT_OBJC_ISA_USAGE = YES_ERROR;
				CLANG_WARN_DOCUMENTATION_COMMENTS = YES;
				CLANG_WARN_EMPTY_BODY = YES;
				CLANG_WARN_ENUM_CONVERSION = YES;
				CLANG_WARN_INFINITE_RECURSION = YES;
				CLANG_WARN_INT_CONVERSION = YES;
				CLANG_WARN_NON_LITERAL_NULL_CONVERSION = YES;
				CLANG_WARN_OBJC_LITERAL_CONVERSION = YES;
				CLANG_WARN_OBJC_ROOT_CLASS = YES_ERROR;
				CLANG_WARN_RANGE_LOOP_ANALYSIS = YES;
				CLANG_WARN_STRICT_PROTOTYPES = YES;
				CLANG_WARN_SUSPICIOUS_MOVE = YES;
				CLANG_WARN_UNGUARDED_AVAILABILITY = YES_AGGRESSIVE;
				CLANG_WARN_UNREACHABLE_CODE = YES;
				CLANG_WARN__DUPLICATE_METHOD_MATCH = YES;
				CODE_SIGN_IDENTITY = "iPhone Developer";
				COPY_PHASE_STRIP = NO;
				DEBUG_INFORMATION_FORMAT = "dwarf-with-dsym";
				ENABLE_NS_ASSERTIONS = NO;
				ENABLE_STRICT_OBJC_MSGSEND = YES;
				GCC_C_LANGUAGE_STANDARD = gnu11;
				GCC_NO_COMMON_BLOCKS = YES;
				GCC_WARN_64_TO_32_BIT_CONVERSION = YES;
				GCC_WARN_ABOUT_RETURN_TYPE = YES_ERROR;
				GCC_WARN_UNDECLARED_SELECTOR = YES;
				GCC_WARN_UNINITIALIZED_AUTOS = YES_AGGRESSIVE;
				GCC_WARN_UNUSED_FUNCTION = YES;
				GCC_WARN_UNUSED_VARIABLE = YES;
				IPHONEOS_DEPLOYMENT_TARGET = 11.1;
				MTL_ENABLE_DEBUG_INFO = NO;
				SDKROOT = iphoneos;
				VALIDATE_PRODUCT = YES;
			};
			name = Release;
		};
		11D9AA4B1FB06143008D32E9 /* Debug */ = {
			isa = XCBuildConfiguration;
			buildSettings = {
				ASSETCATALOG_COMPILER_APPICON_NAME = AppIcon;
				CODE_SIGN_STYLE = Automatic;
				DEVELOPMENT_TEAM = 6H2SM536G6;
				INFOPLIST_FILE = ShirokarasNotebook/Info.plist;
				LD_RUNPATH_SEARCH_PATHS = "$(inherited) @executable_path/Frameworks";
				PRODUCT_BUNDLE_IDENTIFIER = com.shirokaras.ShirokarasNotebook;
				PRODUCT_NAME = "$(TARGET_NAME)";
				TARGETED_DEVICE_FAMILY = "1,2";
			};
			name = Debug;
		};
		11D9AA4C1FB06143008D32E9 /* Release */ = {
			isa = XCBuildConfiguration;
			buildSettings = {
				ASSETCATALOG_COMPILER_APPICON_NAME = AppIcon;
				CODE_SIGN_STYLE = Automatic;
				DEVELOPMENT_TEAM = 6H2SM536G6;
				INFOPLIST_FILE = ShirokarasNotebook/Info.plist;
				LD_RUNPATH_SEARCH_PATHS = "$(inherited) @executable_path/Frameworks";
				PRODUCT_BUNDLE_IDENTIFIER = com.shirokaras.ShirokarasNotebook;
				PRODUCT_NAME = "$(TARGET_NAME)";
				TARGETED_DEVICE_FAMILY = "1,2";
			};
			name = Release;
		};
		11D9AA4E1FB06143008D32E9 /* Debug */ = {
			isa = XCBuildConfiguration;
			buildSettings = {
				BUNDLE_LOADER = "$(TEST_HOST)";
				CODE_SIGN_STYLE = Automatic;
				DEVELOPMENT_TEAM = 6H2SM536G6;
				INFOPLIST_FILE = ShirokarasNotebookTests/Info.plist;
				LD_RUNPATH_SEARCH_PATHS = "$(inherited) @executable_path/Frameworks @loader_path/Frameworks";
				PRODUCT_BUNDLE_IDENTIFIER = com.shirokaras.ShirokarasNotebookTests;
				PRODUCT_NAME = "$(TARGET_NAME)";
				TARGETED_DEVICE_FAMILY = "1,2";
				TEST_HOST = "$(BUILT_PRODUCTS_DIR)/ShirokarasNotebook.app/ShirokarasNotebook";
			};
			name = Debug;
		};
		11D9AA4F1FB06143008D32E9 /* Release */ = {
			isa = XCBuildConfiguration;
			buildSettings = {
				BUNDLE_LOADER = "$(TEST_HOST)";
				CODE_SIGN_STYLE = Automatic;
				DEVELOPMENT_TEAM = 6H2SM536G6;
				INFOPLIST_FILE = ShirokarasNotebookTests/Info.plist;
				LD_RUNPATH_SEARCH_PATHS = "$(inherited) @executable_path/Frameworks @loader_path/Frameworks";
				PRODUCT_BUNDLE_IDENTIFIER = com.shirokaras.ShirokarasNotebookTests;
				PRODUCT_NAME = "$(TARGET_NAME)";
				TARGETED_DEVICE_FAMILY = "1,2";
				TEST_HOST = "$(BUILT_PRODUCTS_DIR)/ShirokarasNotebook.app/ShirokarasNotebook";
			};
			name = Release;
		};
		11D9AA511FB06143008D32E9 /* Debug */ = {
			isa = XCBuildConfiguration;
			buildSettings = {
				CODE_SIGN_STYLE = Automatic;
				DEVELOPMENT_TEAM = 6H2SM536G6;
				INFOPLIST_FILE = ShirokarasNotebookUITests/Info.plist;
				LD_RUNPATH_SEARCH_PATHS = "$(inherited) @executable_path/Frameworks @loader_path/Frameworks";
				PRODUCT_BUNDLE_IDENTIFIER = com.shirokaras.ShirokarasNotebookUITests;
				PRODUCT_NAME = "$(TARGET_NAME)";
				TARGETED_DEVICE_FAMILY = "1,2";
				TEST_TARGET_NAME = ShirokarasNotebook;
			};
			name = Debug;
		};
		11D9AA521FB06143008D32E9 /* Release */ = {
			isa = XCBuildConfiguration;
			buildSettings = {
				CODE_SIGN_STYLE = Automatic;
				DEVELOPMENT_TEAM = 6H2SM536G6;
				INFOPLIST_FILE = ShirokarasNotebookUITests/Info.plist;
				LD_RUNPATH_SEARCH_PATHS = "$(inherited) @executable_path/Frameworks @loader_path/Frameworks";
				PRODUCT_BUNDLE_IDENTIFIER = com.shirokaras.ShirokarasNotebookUITests;
				PRODUCT_NAME = "$(TARGET_NAME)";
				TARGETED_DEVICE_FAMILY = "1,2";
				TEST_TARGET_NAME = ShirokarasNotebook;
			};
			name = Release;
		};
/* End XCBuildConfiguration section */

/* Begin XCConfigurationList section */
		11D9AA161FB06141008D32E9 /* Build configuration list for PBXProject "ShirokarasNotebook" */ = {
			isa = XCConfigurationList;
			buildConfigurations = (
				11D9AA481FB06143008D32E9 /* Debug */,
				11D9AA491FB06143008D32E9 /* Release */,
			);
			defaultConfigurationIsVisible = 0;
			defaultConfigurationName = Release;
		};
		11D9AA4A1FB06143008D32E9 /* Build configuration list for PBXNativeTarget "ShirokarasNotebook" */ = {
			isa = XCConfigurationList;
			buildConfigurations = (
				11D9AA4B1FB06143008D32E9 /* Debug */,
				11D9AA4C1FB06143008D32E9 /* Release */,
			);
			defaultConfigurationIsVisible = 0;
			defaultConfigurationName = Release;
		};
		11D9AA4D1FB06143008D32E9 /* Build configuration list for PBXNativeTarget "ShirokarasNotebookTests" */ = {
			isa = XCConfigurationList;
			buildConfigurations = (
				11D9AA4E1FB06143008D32E9 /* Debug */,
				11D9AA4F1FB06143008D32E9 /* Release */,
			);
			defaultConfigurationIsVisible = 0;
			defaultConfigurationName = Release;
		};
		11D9AA501FB06143008D32E9 /* Build configuration list for PBXNativeTarget "ShirokarasNotebookUITests" */ = {
			isa = XCConfigurationList;
			buildConfigurations = (
				11D9AA511FB06143008D32E9 /* Debug */,
				11D9AA521FB06143008D32E9 /* Release */,
			);
			defaultConfigurationIsVisible = 0;
			defaultConfigurationName = Release;
		};
/* End XCConfigurationList section */

/* Begin XCVersionGroup section */
		11D9AA271FB06142008D32E9 /* ShirokarasNotebook.xcdatamodeld */ = {
			isa = XCVersionGroup;
			children = (
				11D9AA281FB06142008D32E9 /* ShirokarasNotebook.xcdatamodel */,
			);
			currentVersion = 11D9AA281FB06142008D32E9 /* ShirokarasNotebook.xcdatamodel */;
			path = ShirokarasNotebook.xcdatamodeld;
			sourceTree = "<group>";
			versionGroupType = wrapper.xcdatamodel;
		};
/* End XCVersionGroup section */
	};
	rootObject = 11D9AA131FB06141008D32E9 /* Project object */;
}
